<?xml version="1.0" encoding="utf-8"?>
<Project ToolsVersion="4.0" xmlns="http://schemas.microsoft.com/developer/msbuild/2003">
  <ItemGroup>
    <Filter Include="File di origine">
      <UniqueIdentifier>{4FC737F1-C7A5-4376-A066-2A32D752A2FF}</UniqueIdentifier>
      <Extensions>cpp;c;cc;cxx;def;odl;idl;hpj;bat;asm;asmx</Extensions>
    </Filter>
    <Filter Include="File di intestazione">
      <UniqueIdentifier>{93995380-89BD-4b04-88EB-625FBE52EBFB}</UniqueIdentifier>
      <Extensions>h;hh;hpp;hxx;hm;inl;inc;xsd</Extensions>
    </Filter>
    <Filter Include="File di risorse">
      <UniqueIdentifier>{67DA6AB6-F800-4c08-8B7A-83BB121AAD01}</UniqueIdentifier>
      <Extensions>rc;ico;cur;bmp;dlg;rc2;rct;bin;rgs;gif;jpg;jpeg;jpe;resx;tiff;tif;png;wav;mfcribbon-ms</Extensions>
    </Filter>
    <Filter Include="File di risorse\common">
      <UniqueIdentifier>{ccf34896-0c2e-4591-8d04-b5f9bb247e0e}</UniqueIdentifier>
    </Filter>
    <Filter Include="File di risorse\common\effects">
      <UniqueIdentifier>{9b526587-ecc8-4ca4-8e67-1896bbffdbeb}</UniqueIdentifier>
    </Filter>
    <Filter Include="File di risorse\common\textures">
      <UniqueIdentifier>{292d62b4-3297-4660-bc1b-fcdbf1c5b6b8}</UniqueIdentifier>
    </Filter>
    <Filter Include="File di risorse\common\effects\shaders">
      <UniqueIdentifier>{43006d9e-f495-4f2b-a466-be924f3230c8}</UniqueIdentifier>
    </Filter>
    <Filter Include="File di risorse\common\effects\shaders\lib">
      <UniqueIdentifier>{23157241-6136-45f9-b9d1-584be02ec9f0}</UniqueIdentifier>
    </Filter>
    <Filter Include="File di origine\geometries">
      <UniqueIdentifier>{74e990e1-f390-426a-affc-717f19cd26e4}</UniqueIdentifier>
    </Filter>
    <Filter Include="File di origine\data">
      <UniqueIdentifier>{0e3b9dd6-cfe8-4c19-99ea-ce12794298c6}</UniqueIdentifier>
    </Filter>
    <Filter Include="File di origine\components">
      <UniqueIdentifier>{2a6f6f8a-4bb6-4acf-bbf4-9b4d7d5310c6}</UniqueIdentifier>
    </Filter>
    <Filter Include="File di origine\core">
      <UniqueIdentifier>{c8ea9d61-affb-4108-9a77-f5b9a3ccf1de}</UniqueIdentifier>
    </Filter>
    <Filter Include="File di origine\resources">
      <UniqueIdentifier>{36cd74c6-5e86-4a43-9ffe-ac3a0cac8a15}</UniqueIdentifier>
    </Filter>
    <Filter Include="File di origine\render">
      <UniqueIdentifier>{88512309-4e3c-4651-ad8b-785c50a9b80e}</UniqueIdentifier>
    </Filter>
    <Filter Include="File di intestazione\hcube">
      <UniqueIdentifier>{78785dae-fc9c-49a5-95da-3f1fe76759de}</UniqueIdentifier>
    </Filter>
    <Filter Include="File di intestazione\hcube\resources">
      <UniqueIdentifier>{afc93bf7-84e6-4c9d-9582-e73f3e51ca23}</UniqueIdentifier>
    </Filter>
    <Filter Include="File di intestazione\hcube\render">
      <UniqueIdentifier>{d5b12137-8c20-4b5b-bbf4-c494d065b9e1}</UniqueIdentifier>
    </Filter>
    <Filter Include="File di intestazione\hcube\core">
      <UniqueIdentifier>{e159bc58-c614-4840-bf1a-c31d2da3b1f5}</UniqueIdentifier>
    </Filter>
    <Filter Include="File di intestazione\hcube\geometries">
      <UniqueIdentifier>{115ab91b-f23d-46d1-b351-e7486d9b3a08}</UniqueIdentifier>
    </Filter>
    <Filter Include="File di intestazione\hcube\data">
      <UniqueIdentifier>{6ca4062b-fd97-49e2-a413-3c90f921eec7}</UniqueIdentifier>
    </Filter>
    <Filter Include="File di intestazione\hcube\components">
      <UniqueIdentifier>{87deebf0-a8f8-42ee-abef-e5a486b05634}</UniqueIdentifier>
    </Filter>
    <Filter Include="File di origine\utilities">
      <UniqueIdentifier>{25bd480b-56bd-42cc-8e9c-b5c76f870837}</UniqueIdentifier>
    </Filter>
    <Filter Include="File di intestazione\hcube\utilities">
      <UniqueIdentifier>{4b48dab1-d459-4f5b-8cf7-1f2577f61cef}</UniqueIdentifier>
    </Filter>
    <Filter Include="File di risorse\common\meshs">
      <UniqueIdentifier>{ccde4fc2-251f-419c-bdae-69c1313446d2}</UniqueIdentifier>
    </Filter>
    <Filter Include="File di intestazione\hcube\data\parser">
      <UniqueIdentifier>{b11331ba-aab2-417f-9dc2-c77ddc5feba0}</UniqueIdentifier>
    </Filter>
    <Filter Include="File di intestazione\hcube\data\dump">
      <UniqueIdentifier>{5ade8c56-79fc-4664-baa3-86d03f9ccadf}</UniqueIdentifier>
    </Filter>
    <Filter Include="File di intestazione\hcube\math">
      <UniqueIdentifier>{f23208e6-2879-4e84-ba2c-3a6b09d96c75}</UniqueIdentifier>
    </Filter>
  </ItemGroup>
  <ItemGroup>
    <ClInclude Include="..\include\hcube\geometries\frustum.h">
      <Filter>File di intestazione\hcube\geometries</Filter>
    </ClInclude>
    <ClInclude Include="..\include\hcube\geometries\intersection.h">
      <Filter>File di intestazione\hcube\geometries</Filter>
    </ClInclude>
    <ClInclude Include="..\include\hcube\geometries\obb.h">
      <Filter>File di intestazione\hcube\geometries</Filter>
    </ClInclude>
    <ClInclude Include="..\include\hcube\geometries\sphere.h">
      <Filter>File di intestazione\hcube\geometries</Filter>
    </ClInclude>
    <ClInclude Include="..\include\hcube\data\align16_data.h">
      <Filter>File di intestazione\hcube\data</Filter>
    </ClInclude>
    <ClInclude Include="..\include\hcube\data\struct_attribute.h">
      <Filter>File di intestazione\hcube\data</Filter>
    </ClInclude>
    <ClInclude Include="..\include\hcube\data\variant.h">
      <Filter>File di intestazione\hcube\data</Filter>
    </ClInclude>
    <ClInclude Include="..\include\hcube\core\application.h">
      <Filter>File di intestazione\hcube\core</Filter>
    </ClInclude>
    <ClInclude Include="..\include\hcube\core\component.h">
      <Filter>File di intestazione\hcube\core</Filter>
    </ClInclude>
    <ClInclude Include="..\include\hcube\core\entity.h">
      <Filter>File di intestazione\hcube\core</Filter>
    </ClInclude>
    <ClInclude Include="..\include\hcube\core\filesystem.h">
      <Filter>File di intestazione\hcube\core</Filter>
    </ClInclude>
    <ClInclude Include="..\include\hcube\core\native_dialog.h">
      <Filter>File di intestazione\hcube\core</Filter>
    </ClInclude>
    <ClInclude Include="..\include\hcube\core\query_performance.h">
      <Filter>File di intestazione\hcube\core</Filter>
    </ClInclude>
    <ClInclude Include="..\include\hcube\core\resource.h">
      <Filter>File di intestazione\hcube\core</Filter>
    </ClInclude>
    <ClInclude Include="..\include\hcube\core\resources_manager.h">
      <Filter>File di intestazione\hcube\core</Filter>
    </ClInclude>
    <ClInclude Include="..\include\hcube\core\smart_pointers.h">
      <Filter>File di intestazione\hcube\core</Filter>
    </ClInclude>
    <ClInclude Include="..\include\hcube\core\system_manager.h">
      <Filter>File di intestazione\hcube\core</Filter>
    </ClInclude>
    <ClInclude Include="..\include\hcube\components\camera.h">
      <Filter>File di intestazione\hcube\components</Filter>
    </ClInclude>
    <ClInclude Include="..\include\hcube\components\light.h">
      <Filter>File di intestazione\hcube\components</Filter>
    </ClInclude>
    <ClInclude Include="..\include\hcube\components\mesh.h">
      <Filter>File di intestazione\hcube\components</Filter>
    </ClInclude>
    <ClInclude Include="..\include\hcube\components\renderable.h">
      <Filter>File di intestazione\hcube\components</Filter>
    </ClInclude>
    <ClInclude Include="..\include\hcube\components\text_mesh.h">
      <Filter>File di intestazione\hcube\components</Filter>
    </ClInclude>
    <ClInclude Include="..\include\hcube\components\transform.h">
      <Filter>File di intestazione\hcube\components</Filter>
    </ClInclude>
    <ClInclude Include="..\include\hcube\render\effect.h">
      <Filter>File di intestazione\hcube\render</Filter>
    </ClInclude>
    <ClInclude Include="..\include\hcube\render\g_buffer.h">
      <Filter>File di intestazione\hcube\render</Filter>
    </ClInclude>
    <ClInclude Include="..\include\hcube\render\OpenGL4.h">
      <Filter>File di intestazione\hcube\render</Filter>
    </ClInclude>
    <ClInclude Include="..\include\hcube\render\render.h">
      <Filter>File di intestazione\hcube\render</Filter>
    </ClInclude>
    <ClInclude Include="..\include\hcube\render\render_scene.h">
      <Filter>File di intestazione\hcube\render</Filter>
    </ClInclude>
    <ClInclude Include="..\include\hcube\render\rendering_pass_deferred.h">
      <Filter>File di intestazione\hcube\render</Filter>
    </ClInclude>
    <ClInclude Include="..\include\hcube\render\rendering_pass_forward.h">
      <Filter>File di intestazione\hcube\render</Filter>
    </ClInclude>
    <ClInclude Include="..\include\hcube\render\rendering_pass_shadow.h">
      <Filter>File di intestazione\hcube\render</Filter>
    </ClInclude>
    <ClInclude Include="..\include\hcube\render\rendering_system.h">
      <Filter>File di intestazione\hcube\render</Filter>
    </ClInclude>
    <ClInclude Include="..\include\hcube\render\shadow_buffer.h">
      <Filter>File di intestazione\hcube\render</Filter>
    </ClInclude>
    <ClInclude Include="..\include\hcube\render\ssao_technique.h">
      <Filter>File di intestazione\hcube\render</Filter>
    </ClInclude>
    <ClInclude Include="..\include\hcube\resources\material.h">
      <Filter>File di intestazione\hcube\resources</Filter>
    </ClInclude>
    <ClInclude Include="..\include\hcube\resources\prefab.h">
      <Filter>File di intestazione\hcube\resources</Filter>
    </ClInclude>
    <ClInclude Include="..\include\hcube\resources\static_model.h">
      <Filter>File di intestazione\hcube\resources</Filter>
    </ClInclude>
    <ClInclude Include="..\include\hcube\resources\texture.h">
      <Filter>File di intestazione\hcube\resources</Filter>
    </ClInclude>
    <ClInclude Include="..\include\hcube\config.h">
      <Filter>File di intestazione\hcube</Filter>
    </ClInclude>
    <ClInclude Include="..\include\hcube\core\component_register.h">
      <Filter>File di intestazione\hcube\core</Filter>
    </ClInclude>
    <ClInclude Include="..\include\hcube\utilities\basic_meshs.h">
      <Filter>File di intestazione\hcube\utilities</Filter>
    </ClInclude>
    <ClInclude Include="..\include\hcube\utilities\gameobject.h">
      <Filter>File di intestazione\hcube\utilities</Filter>
    </ClInclude>
    <ClInclude Include="..\include\hcube\data\json.h">
      <Filter>File di intestazione\hcube\data</Filter>
    </ClInclude>
    <ClInclude Include="..\include\hcube\data\property.h">
      <Filter>File di intestazione\hcube\data</Filter>
    </ClInclude>
    <ClInclude Include="..\include\hcube\data\parser\effect_parser.h">
      <Filter>File di intestazione\hcube\data\parser</Filter>
    </ClInclude>
    <ClInclude Include="..\include\hcube\data\parser\utils_parser.h">
      <Filter>File di intestazione\hcube\data\parser</Filter>
    </ClInclude>
    <ClInclude Include="..\include\hcube\data\parser\material_parser.h">
      <Filter>File di intestazione\hcube\data\parser</Filter>
    </ClInclude>
    <ClInclude Include="..\include\hcube\data\parser\properties_parser.h">
      <Filter>File di intestazione\hcube\data\parser</Filter>
    </ClInclude>
    <ClInclude Include="..\include\hcube\data\dump\variant_dump.h">
      <Filter>File di intestazione\hcube\data\dump</Filter>
    </ClInclude>
    <ClInclude Include="..\include\hcube\data\parser\variant_parser.h">
      <Filter>File di intestazione\hcube\data\parser</Filter>
    </ClInclude>
    <ClInclude Include="..\include\hcube\data\dump\cstring_dump.h">
      <Filter>File di intestazione\hcube\data\dump</Filter>
    </ClInclude>
    <ClInclude Include="..\include\hcube\data\dump\properties_dump.h">
      <Filter>File di intestazione\hcube\data\dump</Filter>
    </ClInclude>
    <ClInclude Include="..\include\hcube\utilities\utf_convert.h">
      <Filter>File di intestazione\hcube\utilities</Filter>
    </ClInclude>
    <ClInclude Include="..\include\hcube\math\arc_ball.h">
      <Filter>File di intestazione\hcube\math</Filter>
    </ClInclude>
    <ClInclude Include="..\include\hcube\math\picking.h">
      <Filter>File di intestazione\hcube\math</Filter>
    </ClInclude>
    <ClInclude Include="..\include\hcube\math\picking_rotation.h">
      <Filter>File di intestazione\hcube\math</Filter>
    </ClInclude>
    <ClInclude Include="..\include\hcube\math\tangent_space_calculation.h">
      <Filter>File di intestazione\hcube\math</Filter>
    </ClInclude>
    <ClInclude Include="..\include\hcube\math\vector_math.h">
      <Filter>File di intestazione\hcube\math</Filter>
    </ClInclude>
    <ClInclude Include="..\include\hcube\render\shader.h">
      <Filter>File di intestazione\hcube\render</Filter>
    </ClInclude>
  </ItemGroup>
  <ItemGroup>
    <ClCompile Include="..\source\render\effect.cpp">
      <Filter>File di origine\render</Filter>
    </ClCompile>
    <ClCompile Include="..\source\render\g_buffer.cpp">
      <Filter>File di origine\render</Filter>
    </ClCompile>
    <ClCompile Include="..\source\render\render.cpp">
      <Filter>File di origine\render</Filter>
    </ClCompile>
    <ClCompile Include="..\source\render\render_scene.cpp">
      <Filter>File di origine\render</Filter>
    </ClCompile>
    <ClCompile Include="..\source\render\rendering_pass_deferred.cpp">
      <Filter>File di origine\render</Filter>
    </ClCompile>
    <ClCompile Include="..\source\render\rendering_pass_forward.cpp">
      <Filter>File di origine\render</Filter>
    </ClCompile>
    <ClCompile Include="..\source\render\rendering_pass_shadow.cpp">
      <Filter>File di origine\render</Filter>
    </ClCompile>
    <ClCompile Include="..\source\render\rendering_system.cpp">
      <Filter>File di origine\render</Filter>
    </ClCompile>
    <ClCompile Include="..\source\render\shadow_buffer.cpp">
      <Filter>File di origine\render</Filter>
    </ClCompile>
    <ClCompile Include="..\source\render\ssao_technique.cpp">
      <Filter>File di origine\render</Filter>
    </ClCompile>
    <ClCompile Include="..\source\core\application.cpp">
      <Filter>File di origine\core</Filter>
    </ClCompile>
    <ClCompile Include="..\source\core\entity.cpp">
      <Filter>File di origine\core</Filter>
    </ClCompile>
    <ClCompile Include="..\source\core\filesystem.cpp">
      <Filter>File di origine\core</Filter>
    </ClCompile>
    <ClCompile Include="..\source\core\native_dialog.cpp">
      <Filter>File di origine\core</Filter>
    </ClCompile>
    <ClCompile Include="..\source\core\query_performance.cpp">
      <Filter>File di origine\core</Filter>
    </ClCompile>
    <ClCompile Include="..\source\core\resources_manager.cpp">
      <Filter>File di origine\core</Filter>
    </ClCompile>
    <ClCompile Include="..\source\core\system_manager.cpp">
      <Filter>File di origine\core</Filter>
    </ClCompile>
    <ClCompile Include="..\source\core\window_native_dialog.cpp">
      <Filter>File di origine\core</Filter>
    </ClCompile>
    <ClCompile Include="..\source\resources\material.cpp">
      <Filter>File di origine\resources</Filter>
    </ClCompile>
    <ClCompile Include="..\source\resources\static_model.cpp">
      <Filter>File di origine\resources</Filter>
    </ClCompile>
    <ClCompile Include="..\source\resources\texture.cpp">
      <Filter>File di origine\resources</Filter>
    </ClCompile>
    <ClCompile Include="..\source\components\camera.cpp">
      <Filter>File di origine\components</Filter>
    </ClCompile>
    <ClCompile Include="..\source\components\light.cpp">
      <Filter>File di origine\components</Filter>
    </ClCompile>
    <ClCompile Include="..\source\components\mesh.cpp">
      <Filter>File di origine\components</Filter>
    </ClCompile>
    <ClCompile Include="..\source\components\text_mesh.cpp">
      <Filter>File di origine\components</Filter>
    </ClCompile>
    <ClCompile Include="..\source\components\transform.cpp">
      <Filter>File di origine\components</Filter>
    </ClCompile>
    <ClCompile Include="..\source\data\stb_image.cpp">
      <Filter>File di origine\data</Filter>
    </ClCompile>
    <ClCompile Include="..\source\data\tga.cpp">
      <Filter>File di origine\data</Filter>
    </ClCompile>
    <ClCompile Include="..\source\geometries\frustum.cpp">
      <Filter>File di origine\geometries</Filter>
    </ClCompile>
    <ClCompile Include="..\source\geometries\intersection.cpp">
      <Filter>File di origine\geometries</Filter>
    </ClCompile>
    <ClCompile Include="..\source\geometries\obb.cpp">
      <Filter>File di origine\geometries</Filter>
    </ClCompile>
    <ClCompile Include="..\source\core\component_register.cpp">
      <Filter>File di origine\core</Filter>
    </ClCompile>
    <ClCompile Include="..\source\utilities\basic_meshs.cpp">
      <Filter>File di origine\utilities</Filter>
    </ClCompile>
    <ClCompile Include="..\source\data\property.cpp">
      <Filter>File di origine\data</Filter>
    </ClCompile>
    <ClCompile Include="..\source\utilities\utf_convert.cpp">
      <Filter>File di origine\utilities</Filter>
    </ClCompile>
    <ClCompile Include="..\source\render\shader.cpp">
      <Filter>File di origine\render</Filter>
    </ClCompile>
  </ItemGroup>
  <ItemGroup>
    <None Include="..\common\effects\shaders\deferred_ambient_light.glsl">
      <Filter>File di risorse\common\effects\shaders</Filter>
    </None>
    <None Include="..\common\effects\shaders\deferred_direction_light.glsl">
      <Filter>File di risorse\common\effects\shaders</Filter>
    </None>
    <None Include="..\common\effects\shaders\deferred_point_light.glsl">
      <Filter>File di risorse\common\effects\shaders</Filter>
    </None>
    <None Include="..\common\effects\shaders\deferred_spot_light.glsl">
      <Filter>File di risorse\common\effects\shaders</Filter>
    </None>
    <None Include="..\common\effects\shaders\ssao_blur.glsl">
      <Filter>File di risorse\common\effects\shaders</Filter>
    </None>
    <None Include="..\common\effects\shaders\ssao_pass.glsl">
      <Filter>File di risorse\common\effects\shaders</Filter>
    </None>
    <None Include="..\common\effects\shaders\text.glsl">
      <Filter>File di risorse\common\effects\shaders</Filter>
    </None>
    <None Include="..\common\effects\shaders\lib\direction_light.glsl">
      <Filter>File di risorse\common\effects\shaders\lib</Filter>
    </None>
    <None Include="..\common\effects\shaders\lib\output_fragment.glsl">
      <Filter>File di risorse\common\effects\shaders\lib</Filter>
    </None>
    <None Include="..\common\effects\shaders\lib\output_fragment_forward.glsl">
      <Filter>File di risorse\common\effects\shaders\lib</Filter>
    </None>
    <None Include="..\common\effects\shaders\lib\point_light.glsl">
      <Filter>File di risorse\common\effects\shaders\lib</Filter>
    </None>
    <None Include="..\common\effects\shaders\lib\spot_light.glsl">
      <Filter>File di risorse\common\effects\shaders\lib</Filter>
    </None>
    <None Include="..\common\effects\shaders\lib\ssao_kernel.glsl">
      <Filter>File di risorse\common\effects\shaders\lib</Filter>
    </None>
    <None Include="..\common\effects\shaders\lib\uniform.glsl">
      <Filter>File di risorse\common\effects\shaders\lib</Filter>
    </None>
    <None Include="..\common\effects\shaders\base_texture_normal_specular.glsl">
      <Filter>File di risorse\common\effects\shaders</Filter>
    </None>
    <None Include="..\common\effects\shaders\lib\post_processing_utilities.glsl">
      <Filter>File di risorse\common\effects\shaders\lib</Filter>
    </None>
    <None Include="..\source\core\cocoa_native_dialog.mm">
      <Filter>File di origine\core</Filter>
    </None>
    <None Include="..\common\effects\base_texture_normal_specular.fxhc">
      <Filter>File di risorse\common\effects</Filter>
    </None>
    <None Include="..\common\effects\build_shadow.fxhc">
      <Filter>File di risorse\common\effects</Filter>
    </None>
    <None Include="..\common\effects\debug_lights.fxhc">
      <Filter>File di risorse\common\effects</Filter>
    </None>
    <None Include="..\common\effects\no_cull_effect.fxhc">
      <Filter>File di risorse\common\effects</Filter>
    </None>
    <None Include="..\common\effects\translucent_no_cull_effect.fxhc">
      <Filter>File di risorse\common\effects</Filter>
    </None>
    <None Include="..\common\effects\translucent_texture_normal_specular.fxhc">
      <Filter>File di risorse\common\effects</Filter>
    </None>
    <None Include="..\common\meshs\cone.smhc">
      <Filter>File di risorse\common\meshs</Filter>
    </None>
    <None Include="..\common\meshs\cone_DefaultMaterial.mat">
      <Filter>File di risorse\common\meshs</Filter>
    </None>
    <None Include="..\common\meshs\sphere.smhc">
      <Filter>File di risorse\common\meshs</Filter>
    </None>
    <None Include="..\common\meshs\sphere_DefaultMaterial.mat">
      <Filter>File di risorse\common\meshs</Filter>
    </None>
  </ItemGroup>
  <ItemGroup>
    <Image Include="..\common\textures\black.tga">
      <Filter>File di risorse\common\textures</Filter>
    </Image>
    <Image Include="..\common\textures\white.tga">
      <Filter>File di risorse\common\textures</Filter>
    </Image>
    <Image Include="..\common\textures\normal_up.tga">
      <Filter>File di risorse\common\textures</Filter>
    </Image>
  </ItemGroup>
</Project>