<?xml version="1.0" encoding="utf-8"?>
<Project ToolsVersion="4.0" xmlns="http://schemas.microsoft.com/developer/msbuild/2003">
  <ItemGroup>
    <Filter Include="File di origine">
      <UniqueIdentifier>{4FC737F1-C7A5-4376-A066-2A32D752A2FF}</UniqueIdentifier>
      <Extensions>cpp;c;cc;cxx;def;odl;idl;hpj;bat;asm;asmx</Extensions>
    </Filter>
    <Filter Include="File di intestazione">
      <UniqueIdentifier>{93995380-89BD-4b04-88EB-625FBE52EBFB}</UniqueIdentifier>
      <Extensions>h;hh;hpp;hxx;hm;inl;inc;xsd</Extensions>
    </Filter>
    <Filter Include="File di risorse">
      <UniqueIdentifier>{67DA6AB6-F800-4c08-8B7A-83BB121AAD01}</UniqueIdentifier>
      <Extensions>rc;ico;cur;bmp;dlg;rc2;rct;bin;rgs;gif;jpg;jpeg;jpe;resx;tiff;tif;png;wav;mfcribbon-ms</Extensions>
    </Filter>
    <Filter Include="File di risorse\assets">
      <UniqueIdentifier>{62dd8327-b5a5-4d9a-956b-ed41580b8863}</UniqueIdentifier>
    </Filter>
    <Filter Include="File di risorse\assets\shaders">
      <UniqueIdentifier>{43006d9e-f495-4f2b-a466-be924f3230c8}</UniqueIdentifier>
    </Filter>
    <Filter Include="File di risorse\assets\shaders\deferred">
      <UniqueIdentifier>{56748d9b-af85-4c58-a8f8-c054c3fc380a}</UniqueIdentifier>
    </Filter>
    <Filter Include="File di risorse\assets\shaders\forward">
      <UniqueIdentifier>{a455aba3-dee9-4fff-8392-8e3f8a0c3875}</UniqueIdentifier>
    </Filter>
    <Filter Include="File di risorse\assets\textures">
      <UniqueIdentifier>{4f6d4cf0-c98a-4131-a2a2-51d3ac46dba7}</UniqueIdentifier>
    </Filter>
    <Filter Include="File di risorse\assets\materials">
      <UniqueIdentifier>{1df61f29-f59b-446c-840b-52378961f0c4}</UniqueIdentifier>
    </Filter>
    <Filter Include="File di risorse\assets\ship">
      <UniqueIdentifier>{024b4634-fa25-4758-8a3e-810ee384c9bd}</UniqueIdentifier>
    </Filter>
  </ItemGroup>
  <ItemGroup>
    <ClInclude Include="..\include\application.h">
      <Filter>File di intestazione</Filter>
    </ClInclude>
    <ClInclude Include="..\include\arc_ball.h">
      <Filter>File di intestazione</Filter>
    </ClInclude>
    <ClInclude Include="..\include\camera.h">
      <Filter>File di intestazione</Filter>
    </ClInclude>
    <ClInclude Include="..\include\entity.h">
      <Filter>File di intestazione</Filter>
    </ClInclude>
    <ClInclude Include="..\include\material.h">
      <Filter>File di intestazione</Filter>
    </ClInclude>
    <ClInclude Include="..\include\mesh.h">
      <Filter>File di intestazione</Filter>
    </ClInclude>
    <ClInclude Include="..\include\OpenGL4.h">
      <Filter>File di intestazione</Filter>
    </ClInclude>
    <ClInclude Include="..\include\picking.h">
      <Filter>File di intestazione</Filter>
    </ClInclude>
    <ClInclude Include="..\include\picking_rotation.h">
      <Filter>File di intestazione</Filter>
    </ClInclude>
    <ClInclude Include="..\include\shader.h">
      <Filter>File di intestazione</Filter>
    </ClInclude>
    <ClInclude Include="..\include\smart_pointers.h">
      <Filter>File di intestazione</Filter>
    </ClInclude>
    <ClInclude Include="..\include\query_performance.h">
      <Filter>File di intestazione</Filter>
    </ClInclude>
    <ClInclude Include="..\include\collection_materials.h">
      <Filter>File di intestazione</Filter>
    </ClInclude>
    <ClInclude Include="..\include\json11.h">
      <Filter>File di intestazione</Filter>
    </ClInclude>
    <ClInclude Include="..\include\renderable.h">
      <Filter>File di intestazione</Filter>
    </ClInclude>
    <ClInclude Include="..\include\text_mesh.h">
      <Filter>File di intestazione</Filter>
    </ClInclude>
    <ClInclude Include="..\include\texture.h">
      <Filter>File di intestazione</Filter>
    </ClInclude>
    <ClInclude Include="..\include\native_dialog.h">
      <Filter>File di intestazione</Filter>
    </ClInclude>
    <ClInclude Include="..\include\filesystem.h">
      <Filter>File di intestazione</Filter>
    </ClInclude>
    <ClInclude Include="..\include\basic_meshs.h">
      <Filter>File di intestazione</Filter>
    </ClInclude>
    <ClInclude Include="..\include\app_basic.h">
      <Filter>File di intestazione</Filter>
    </ClInclude>
    <ClInclude Include="..\include\rendering_system.h">
      <Filter>File di intestazione</Filter>
    </ClInclude>
    <ClInclude Include="..\include\g_buffer.h">
      <Filter>File di intestazione</Filter>
    </ClInclude>
    <ClInclude Include="..\include\resource.h">
      <Filter>File di intestazione</Filter>
    </ClInclude>
    <ClInclude Include="..\include\resources_manager.h">
      <Filter>File di intestazione</Filter>
    </ClInclude>
    <ClInclude Include="..\include\rendering_pass_deferred.h">
      <Filter>File di intestazione</Filter>
    </ClInclude>
    <ClInclude Include="..\include\light.h">
      <Filter>File di intestazione</Filter>
    </ClInclude>
    <ClInclude Include="..\include\static_model.h">
      <Filter>File di intestazione</Filter>
    </ClInclude>
    <ClInclude Include="..\include\tangent_space_calculation.h">
      <Filter>File di intestazione</Filter>
    </ClInclude>
    <ClInclude Include="..\include\struct_attribute.h">
      <Filter>File di intestazione</Filter>
    </ClInclude>
    <ClInclude Include="..\include\component.h">
      <Filter>File di intestazione</Filter>
    </ClInclude>
    <ClInclude Include="..\include\gameobject.h">
      <Filter>File di intestazione</Filter>
    </ClInclude>
    <ClInclude Include="..\include\system_manager.h">
      <Filter>File di intestazione</Filter>
    </ClInclude>
    <ClInclude Include="..\include\transform.h">
      <Filter>File di intestazione</Filter>
    </ClInclude>
    <ClInclude Include="..\include\ssao_technique.h">
      <Filter>File di intestazione</Filter>
    </ClInclude>
    <ClInclude Include="..\include\prefab.h">
      <Filter>File di intestazione</Filter>
    </ClInclude>
    <ClInclude Include="..\include\obb.h">
      <Filter>File di intestazione</Filter>
    </ClInclude>
    <ClInclude Include="..\include\eigenvalues_jacobi.h">
      <Filter>File di intestazione</Filter>
    </ClInclude>
    <ClInclude Include="..\include\frustum.h">
      <Filter>File di intestazione</Filter>
    </ClInclude>
  </ItemGroup>
  <ItemGroup>
    <ClCompile Include="..\source\application.cpp">
      <Filter>File di origine</Filter>
    </ClCompile>
    <ClCompile Include="..\source\camera.cpp">
      <Filter>File di origine</Filter>
    </ClCompile>
    <ClCompile Include="..\source\main.cpp">
      <Filter>File di origine</Filter>
    </ClCompile>
    <ClCompile Include="..\source\mesh.cpp">
      <Filter>File di origine</Filter>
    </ClCompile>
    <ClCompile Include="..\source\shader.cpp">
      <Filter>File di origine</Filter>
    </ClCompile>
    <ClCompile Include="..\source\json11.cpp">
      <Filter>File di origine</Filter>
    </ClCompile>
    <ClCompile Include="..\source\query_performance.cpp">
      <Filter>File di origine</Filter>
    </ClCompile>
    <ClCompile Include="..\source\text_mesh.cpp">
      <Filter>File di origine</Filter>
    </ClCompile>
    <ClCompile Include="..\source\texture.cpp">
      <Filter>File di origine</Filter>
    </ClCompile>
    <ClCompile Include="..\source\native_dialog.cpp">
      <Filter>File di origine</Filter>
    </ClCompile>
    <ClCompile Include="..\source\window_native_dialog.cpp">
      <Filter>File di origine</Filter>
    </ClCompile>
    <ClCompile Include="..\source\filesystem.cpp">
      <Filter>File di origine</Filter>
    </ClCompile>
    <ClCompile Include="..\source\basic_meshs.cpp">
      <Filter>File di origine</Filter>
    </ClCompile>
    <ClCompile Include="..\source\app_basic.cpp">
      <Filter>File di origine</Filter>
    </ClCompile>
    <ClCompile Include="..\source\rendering_system.cpp">
      <Filter>File di origine</Filter>
    </ClCompile>
    <ClCompile Include="..\source\g_buffer.cpp">
      <Filter>File di origine</Filter>
    </ClCompile>
    <ClCompile Include="..\source\resources_manager.cpp">
      <Filter>File di origine</Filter>
    </ClCompile>
    <ClCompile Include="..\source\rendering_pass_deferred.cpp">
      <Filter>File di origine</Filter>
    </ClCompile>
    <ClCompile Include="..\source\material.cpp">
      <Filter>File di origine</Filter>
    </ClCompile>
    <ClCompile Include="..\source\static_model.cpp">
      <Filter>File di origine</Filter>
    </ClCompile>
    <ClCompile Include="..\source\tga.cpp">
      <Filter>File di origine</Filter>
    </ClCompile>
    <ClCompile Include="..\source\entity.cpp">
      <Filter>File di origine</Filter>
    </ClCompile>
    <ClCompile Include="..\source\system_manager.cpp">
      <Filter>File di origine</Filter>
    </ClCompile>
    <ClCompile Include="..\source\transform.cpp">
      <Filter>File di origine</Filter>
    </ClCompile>
    <ClCompile Include="..\source\ssao_technique.cpp">
      <Filter>File di origine</Filter>
    </ClCompile>
    <ClCompile Include="..\source\stb_image.cpp">
      <Filter>File di origine</Filter>
    </ClCompile>
    <ClCompile Include="..\source\obb.cpp">
      <Filter>File di origine</Filter>
    </ClCompile>
    <ClCompile Include="..\source\frustum.cpp">
      <Filter>File di origine</Filter>
    </ClCompile>
  </ItemGroup>
  <ItemGroup>
    <None Include="..\source\cocoa_native_dialog.mm">
      <Filter>File di origine</Filter>
    </None>
    <None Include="..\assets\shaders\deferred\base.glsl">
      <Filter>File di risorse\assets\shaders\deferred</Filter>
    </None>
    <None Include="..\assets\shaders\deferred\base_texture.glsl">
      <Filter>File di risorse\assets\shaders\deferred</Filter>
    </None>
    <None Include="..\assets\shaders\deferred\text.glsl">
      <Filter>File di risorse\assets\shaders\deferred</Filter>
    </None>
    <None Include="..\assets\shaders\deferred\triangle_lines.glsl">
      <Filter>File di risorse\assets\shaders\deferred</Filter>
    </None>
    <None Include="..\assets\shaders\deferred\wireframe.glsl">
      <Filter>File di risorse\assets\shaders\deferred</Filter>
    </None>
    <None Include="..\assets\shaders\forward\base.glsl">
      <Filter>File di risorse\assets\shaders\forward</Filter>
    </None>
    <None Include="..\assets\shaders\forward\base_texture.glsl">
      <Filter>File di risorse\assets\shaders\forward</Filter>
    </None>
    <None Include="..\assets\shaders\forward\text.glsl">
      <Filter>File di risorse\assets\shaders\forward</Filter>
    </None>
    <None Include="..\assets\shaders\forward\triangle_lines.glsl">
      <Filter>File di risorse\assets\shaders\forward</Filter>
    </None>
    <None Include="..\assets\shaders\forward\wireframe.glsl">
      <Filter>File di risorse\assets\shaders\forward</Filter>
    </None>
    <None Include="..\assets\shaders\deferred\deferred_light.glsl">
      <Filter>File di risorse\assets\shaders\deferred</Filter>
    </None>
    <None Include="..\assets\shaders\deferred\base_texture_specular.glsl">
      <Filter>File di risorse\assets\shaders\deferred</Filter>
    </None>
    <None Include="..\assets\shaders\deferred\base_texture_normal.glsl">
      <Filter>File di risorse\assets\shaders\deferred</Filter>
    </None>
    <None Include="..\assets\shaders\deferred\base_texture_normal_specular.glsl">
      <Filter>File di risorse\assets\shaders\deferred</Filter>
    </None>
    <None Include="..\assets\materials\baril_mat.mat">
      <Filter>File di risorse\assets\materials</Filter>
    </None>
    <None Include="..\assets\materials\box_mat.mat">
      <Filter>File di risorse\assets\materials</Filter>
    </None>
    <None Include="..\assets\materials\box2_mat.mat">
      <Filter>File di risorse\assets\materials</Filter>
    </None>
    <None Include="..\assets\materials\wire_mat.mat">
      <Filter>File di risorse\assets\materials</Filter>
    </None>
    <None Include="..\assets\ship\ship.smhc">
      <Filter>File di risorse\assets\ship</Filter>
    </None>
    <None Include="..\assets\ship\vehicle_playerShip_glass_mat.mat">
      <Filter>File di risorse\assets\ship</Filter>
    </None>
    <None Include="..\assets\ship\vehicle_playerShip_metal_mat.mat">
      <Filter>File di risorse\assets\ship</Filter>
    </None>
    <None Include="..\assets\shaders\deferred\ssao_pass.glsl">
      <Filter>File di risorse\assets\shaders\deferred</Filter>
    </None>
    <None Include="..\assets\shaders\deferred\ssao_blur.glsl">
      <Filter>File di risorse\assets\shaders\deferred</Filter>
    </None>
  </ItemGroup>
  <ItemGroup>
    <Image Include="..\assets\textures\box.png">
      <Filter>File di risorse\assets\textures</Filter>
    </Image>
    <Image Include="..\assets\textures\font.png">
      <Filter>File di risorse\assets\textures</Filter>
    </Image>
    <Image Include="..\assets\textures\baril.png">
      <Filter>File di risorse\assets\textures</Filter>
    </Image>
    <Image Include="..\assets\textures\baril_normal.png">
      <Filter>File di risorse\assets\textures</Filter>
    </Image>
    <Image Include="..\assets\textures\baril_specular.jpg">
      <Filter>File di risorse\assets\textures</Filter>
    </Image>
    <Image Include="..\assets\textures\baril_specular.png">
      <Filter>File di risorse\assets\textures</Filter>
    </Image>
    <Image Include="..\assets\textures\box_normal.png">
      <Filter>File di risorse\assets\textures</Filter>
    </Image>
    <Image Include="..\assets\textures\box_specular.png">
      <Filter>File di risorse\assets\textures</Filter>
    </Image>
    <Image Include="..\assets\textures\box2.png">
      <Filter>File di risorse\assets\textures</Filter>
    </Image>
    <Image Include="..\assets\textures\box2_normal.png">
      <Filter>File di risorse\assets\textures</Filter>
    </Image>
    <Image Include="..\assets\textures\box2_specular.png">
      <Filter>File di risorse\assets\textures</Filter>
    </Image>
    <Image Include="..\assets\textures\box2_specular_2.png">
      <Filter>File di risorse\assets\textures</Filter>
    </Image>
    <Image Include="..\assets\textures\NormalMap.png">
      <Filter>File di risorse\assets\textures</Filter>
    </Image>
    <Image Include="..\assets\ship\vehicle_playerShip_dff.png">
      <Filter>File di risorse\assets\ship</Filter>
    </Image>
    <Image Include="..\assets\ship\vehicle_playerShip_nrm.png">
      <Filter>File di risorse\assets\ship</Filter>
    </Image>
    <Image Include="..\assets\ship\vehicle_playerShip_spc.png">
      <Filter>File di risorse\assets\ship</Filter>
    </Image>
  </ItemGroup>
</Project>