<?xml version="1.0" encoding="utf-8"?>
<Project ToolsVersion="4.0" xmlns="http://schemas.microsoft.com/developer/msbuild/2003">
  <ItemGroup>
    <Filter Include="File di origine">
      <UniqueIdentifier>{4FC737F1-C7A5-4376-A066-2A32D752A2FF}</UniqueIdentifier>
      <Extensions>cpp;c;cc;cxx;def;odl;idl;hpj;bat;asm;asmx</Extensions>
    </Filter>
    <Filter Include="File di intestazione">
      <UniqueIdentifier>{93995380-89BD-4b04-88EB-625FBE52EBFB}</UniqueIdentifier>
      <Extensions>h;hh;hpp;hxx;hm;inl;inc;xsd</Extensions>
    </Filter>
    <Filter Include="File di risorse">
      <UniqueIdentifier>{67DA6AB6-F800-4c08-8B7A-83BB121AAD01}</UniqueIdentifier>
      <Extensions>rc;ico;cur;bmp;dlg;rc2;rct;bin;rgs;gif;jpg;jpeg;jpe;resx;tiff;tif;png;wav;mfcribbon-ms</Extensions>
    </Filter>
    <Filter Include="File di risorse\shader">
      <UniqueIdentifier>{43006d9e-f495-4f2b-a466-be924f3230c8}</UniqueIdentifier>
    </Filter>
    <Filter Include="File di risorse\shader\base">
      <UniqueIdentifier>{0dccccc8-79f7-4013-b13c-2b47e8ff2f2f}</UniqueIdentifier>
    </Filter>
    <Filter Include="File di risorse\shader\points">
      <UniqueIdentifier>{8a4bb9eb-f5a4-46da-a8ac-f66bfbd5cbee}</UniqueIdentifier>
    </Filter>
    <Filter Include="File di risorse\shader\cube">
      <UniqueIdentifier>{54a30de2-9c2d-4ba4-8253-f1d76ca6ba70}</UniqueIdentifier>
    </Filter>
    <Filter Include="File di risorse\assets">
      <UniqueIdentifier>{62dd8327-b5a5-4d9a-956b-ed41580b8863}</UniqueIdentifier>
    </Filter>
  </ItemGroup>
  <ItemGroup>
    <ClInclude Include="..\include\application.h">
      <Filter>File di intestazione</Filter>
    </ClInclude>
    <ClInclude Include="..\include\arc_ball.h">
      <Filter>File di intestazione</Filter>
    </ClInclude>
    <ClInclude Include="..\include\camera.h">
      <Filter>File di intestazione</Filter>
    </ClInclude>
    <ClInclude Include="..\include\entity.h">
      <Filter>File di intestazione</Filter>
    </ClInclude>
    <ClInclude Include="..\include\material.h">
      <Filter>File di intestazione</Filter>
    </ClInclude>
    <ClInclude Include="..\include\mesh.h">
      <Filter>File di intestazione</Filter>
    </ClInclude>
    <ClInclude Include="..\include\OpenGL4.h">
      <Filter>File di intestazione</Filter>
    </ClInclude>
    <ClInclude Include="..\include\picking.h">
      <Filter>File di intestazione</Filter>
    </ClInclude>
    <ClInclude Include="..\include\picking_rotation.h">
      <Filter>File di intestazione</Filter>
    </ClInclude>
    <ClInclude Include="..\include\shader.h">
      <Filter>File di intestazione</Filter>
    </ClInclude>
    <ClInclude Include="..\include\shader_map.h">
      <Filter>File di intestazione</Filter>
    </ClInclude>
    <ClInclude Include="..\include\smart_pointers.h">
      <Filter>File di intestazione</Filter>
    </ClInclude>
    <ClInclude Include="..\include\query_performance.h">
      <Filter>File di intestazione</Filter>
    </ClInclude>
    <ClInclude Include="..\include\collection_materials.h">
      <Filter>File di intestazione</Filter>
    </ClInclude>
    <ClInclude Include="..\include\json11.h">
      <Filter>File di intestazione</Filter>
    </ClInclude>
    <ClInclude Include="..\include\renderable.h">
      <Filter>File di intestazione</Filter>
    </ClInclude>
    <ClInclude Include="..\include\text_mesh.h">
      <Filter>File di intestazione</Filter>
    </ClInclude>
    <ClInclude Include="..\include\texture.h">
      <Filter>File di intestazione</Filter>
    </ClInclude>
    <ClInclude Include="..\include\native_dialog.h">
      <Filter>File di intestazione</Filter>
    </ClInclude>
    <ClInclude Include="..\include\filesystem.h">
      <Filter>File di intestazione</Filter>
    </ClInclude>
    <ClInclude Include="..\include\basic_meshs.h">
      <Filter>File di intestazione</Filter>
    </ClInclude>
    <ClInclude Include="..\include\app_basic.h">
      <Filter>File di intestazione</Filter>
    </ClInclude>
    <ClInclude Include="..\include\rendering_system.h">
      <Filter>File di intestazione</Filter>
    </ClInclude>
  </ItemGroup>
  <ItemGroup>
    <ClCompile Include="..\source\application.cpp">
      <Filter>File di origine</Filter>
    </ClCompile>
    <ClCompile Include="..\source\camera.cpp">
      <Filter>File di origine</Filter>
    </ClCompile>
    <ClCompile Include="..\source\main.cpp">
      <Filter>File di origine</Filter>
    </ClCompile>
    <ClCompile Include="..\source\mesh.cpp">
      <Filter>File di origine</Filter>
    </ClCompile>
    <ClCompile Include="..\source\shader.cpp">
      <Filter>File di origine</Filter>
    </ClCompile>
    <ClCompile Include="..\source\shader_map.cpp">
      <Filter>File di origine</Filter>
    </ClCompile>
    <ClCompile Include="..\source\json11.cpp">
      <Filter>File di origine</Filter>
    </ClCompile>
    <ClCompile Include="..\source\pico_png.cpp">
      <Filter>File di origine</Filter>
    </ClCompile>
    <ClCompile Include="..\source\query_performance.cpp">
      <Filter>File di origine</Filter>
    </ClCompile>
    <ClCompile Include="..\source\text_mesh.cpp">
      <Filter>File di origine</Filter>
    </ClCompile>
    <ClCompile Include="..\source\texture.cpp">
      <Filter>File di origine</Filter>
    </ClCompile>
    <ClCompile Include="..\source\native_dialog.cpp">
      <Filter>File di origine</Filter>
    </ClCompile>
    <ClCompile Include="..\source\window_native_dialog.cpp">
      <Filter>File di origine</Filter>
    </ClCompile>
    <ClCompile Include="..\source\filesystem.cpp">
      <Filter>File di origine</Filter>
    </ClCompile>
    <ClCompile Include="..\source\basic_meshs.cpp">
      <Filter>File di origine</Filter>
    </ClCompile>
    <ClCompile Include="..\source\app_basic.cpp">
      <Filter>File di origine</Filter>
    </ClCompile>
    <ClCompile Include="..\source\rendering_system.cpp">
      <Filter>File di origine</Filter>
    </ClCompile>
  </ItemGroup>
  <ItemGroup>
    <None Include="..\shader\base\base.fs.glsl">
      <Filter>File di risorse\shader\base</Filter>
    </None>
    <None Include="..\shader\base\base.vs.glsl">
      <Filter>File di risorse\shader\base</Filter>
    </None>
    <None Include="..\shader\points\points.fs.glsl">
      <Filter>File di risorse\shader\points</Filter>
    </None>
    <None Include="..\shader\points\points.gs.glsl">
      <Filter>File di risorse\shader\points</Filter>
    </None>
    <None Include="..\shader\points\points.vs.glsl">
      <Filter>File di risorse\shader\points</Filter>
    </None>
    <None Include="..\shader\cube\cube.fs.glsl">
      <Filter>File di risorse\shader\cube</Filter>
    </None>
    <None Include="..\shader\cube\cube.gs.glsl">
      <Filter>File di risorse\shader\cube</Filter>
    </None>
    <None Include="..\shader\cube\cube.vs.glsl">
      <Filter>File di risorse\shader\cube</Filter>
    </None>
    <None Include="..\source\cocoa_native_dialog.mm">
      <Filter>File di origine</Filter>
    </None>
  </ItemGroup>
  <ItemGroup>
    <Image Include="..\assets\font.png">
      <Filter>File di risorse\assets</Filter>
    </Image>
  </ItemGroup>
</Project>