// !$*UTF8*$!
{
	archiveVersion = 1;
	classes = {
	};
	objectVersion = 46;
	objects = {

/* Begin PBXBuildFile section */
		E05F87BB1DD08F4700985EFB /* basic_meshs.h in Headers */ = {isa = PBXBuildFile; fileRef = E05F87B91DD08F4700985EFB /* basic_meshs.h */; };
		E05F87BC1DD08F4700985EFB /* gameobject.h in Headers */ = {isa = PBXBuildFile; fileRef = E05F87BA1DD08F4700985EFB /* gameobject.h */; };
		E05F87C21DD098F600985EFB /* component_register.h in Headers */ = {isa = PBXBuildFile; fileRef = E05F87C11DD098F600985EFB /* component_register.h */; };
		E0B0F3761DD1005400E96215 /* camera.cpp in Sources */ = {isa = PBXBuildFile; fileRef = E0B0F34C1DD1005400E96215 /* camera.cpp */; };
		E0B0F3771DD1005400E96215 /* camera.cpp in Sources */ = {isa = PBXBuildFile; fileRef = E0B0F34C1DD1005400E96215 /* camera.cpp */; };
		E0B0F3781DD1005400E96215 /* light.cpp in Sources */ = {isa = PBXBuildFile; fileRef = E0B0F34D1DD1005400E96215 /* light.cpp */; };
		E0B0F3791DD1005400E96215 /* light.cpp in Sources */ = {isa = PBXBuildFile; fileRef = E0B0F34D1DD1005400E96215 /* light.cpp */; };
		E0B0F37A1DD1005400E96215 /* mesh.cpp in Sources */ = {isa = PBXBuildFile; fileRef = E0B0F34E1DD1005400E96215 /* mesh.cpp */; };
		E0B0F37B1DD1005400E96215 /* mesh.cpp in Sources */ = {isa = PBXBuildFile; fileRef = E0B0F34E1DD1005400E96215 /* mesh.cpp */; };
		E0B0F37C1DD1005400E96215 /* text_mesh.cpp in Sources */ = {isa = PBXBuildFile; fileRef = E0B0F34F1DD1005400E96215 /* text_mesh.cpp */; };
		E0B0F37D1DD1005400E96215 /* text_mesh.cpp in Sources */ = {isa = PBXBuildFile; fileRef = E0B0F34F1DD1005400E96215 /* text_mesh.cpp */; };
		E0B0F37E1DD1005400E96215 /* transform.cpp in Sources */ = {isa = PBXBuildFile; fileRef = E0B0F3501DD1005400E96215 /* transform.cpp */; };
		E0B0F37F1DD1005400E96215 /* transform.cpp in Sources */ = {isa = PBXBuildFile; fileRef = E0B0F3501DD1005400E96215 /* transform.cpp */; };
		E0B0F3801DD1005400E96215 /* application.cpp in Sources */ = {isa = PBXBuildFile; fileRef = E0B0F3521DD1005400E96215 /* application.cpp */; };
		E0B0F3811DD1005400E96215 /* application.cpp in Sources */ = {isa = PBXBuildFile; fileRef = E0B0F3521DD1005400E96215 /* application.cpp */; };
		E0B0F3821DD1005400E96215 /* cocoa_native_dialog.mm in Sources */ = {isa = PBXBuildFile; fileRef = E0B0F3531DD1005400E96215 /* cocoa_native_dialog.mm */; };
		E0B0F3831DD1005400E96215 /* cocoa_native_dialog.mm in Sources */ = {isa = PBXBuildFile; fileRef = E0B0F3531DD1005400E96215 /* cocoa_native_dialog.mm */; };
		E0B0F3841DD1005400E96215 /* component_register.cpp in Sources */ = {isa = PBXBuildFile; fileRef = E0B0F3541DD1005400E96215 /* component_register.cpp */; };
		E0B0F3851DD1005400E96215 /* component_register.cpp in Sources */ = {isa = PBXBuildFile; fileRef = E0B0F3541DD1005400E96215 /* component_register.cpp */; };
		E0B0F3861DD1005400E96215 /* entity.cpp in Sources */ = {isa = PBXBuildFile; fileRef = E0B0F3551DD1005400E96215 /* entity.cpp */; };
		E0B0F3871DD1005400E96215 /* entity.cpp in Sources */ = {isa = PBXBuildFile; fileRef = E0B0F3551DD1005400E96215 /* entity.cpp */; };
		E0B0F3881DD1005400E96215 /* filesystem.cpp in Sources */ = {isa = PBXBuildFile; fileRef = E0B0F3561DD1005400E96215 /* filesystem.cpp */; };
		E0B0F3891DD1005400E96215 /* filesystem.cpp in Sources */ = {isa = PBXBuildFile; fileRef = E0B0F3561DD1005400E96215 /* filesystem.cpp */; };
		E0B0F38A1DD1005400E96215 /* native_dialog.cpp in Sources */ = {isa = PBXBuildFile; fileRef = E0B0F3571DD1005400E96215 /* native_dialog.cpp */; };
		E0B0F38B1DD1005400E96215 /* native_dialog.cpp in Sources */ = {isa = PBXBuildFile; fileRef = E0B0F3571DD1005400E96215 /* native_dialog.cpp */; };
		E0B0F38C1DD1005400E96215 /* query_performance.cpp in Sources */ = {isa = PBXBuildFile; fileRef = E0B0F3581DD1005400E96215 /* query_performance.cpp */; };
		E0B0F38D1DD1005400E96215 /* query_performance.cpp in Sources */ = {isa = PBXBuildFile; fileRef = E0B0F3581DD1005400E96215 /* query_performance.cpp */; };
		E0B0F38E1DD1005400E96215 /* resources_manager.cpp in Sources */ = {isa = PBXBuildFile; fileRef = E0B0F3591DD1005400E96215 /* resources_manager.cpp */; };
		E0B0F38F1DD1005400E96215 /* resources_manager.cpp in Sources */ = {isa = PBXBuildFile; fileRef = E0B0F3591DD1005400E96215 /* resources_manager.cpp */; };
		E0B0F3901DD1005400E96215 /* system_manager.cpp in Sources */ = {isa = PBXBuildFile; fileRef = E0B0F35A1DD1005400E96215 /* system_manager.cpp */; };
		E0B0F3911DD1005400E96215 /* system_manager.cpp in Sources */ = {isa = PBXBuildFile; fileRef = E0B0F35A1DD1005400E96215 /* system_manager.cpp */; };
		E0B0F3941DD1005400E96215 /* json11.cpp in Sources */ = {isa = PBXBuildFile; fileRef = E0B0F35D1DD1005400E96215 /* json11.cpp */; };
		E0B0F3951DD1005400E96215 /* json11.cpp in Sources */ = {isa = PBXBuildFile; fileRef = E0B0F35D1DD1005400E96215 /* json11.cpp */; };
		E0B0F3961DD1005400E96215 /* stb_image.cpp in Sources */ = {isa = PBXBuildFile; fileRef = E0B0F35E1DD1005400E96215 /* stb_image.cpp */; };
		E0B0F3971DD1005400E96215 /* stb_image.cpp in Sources */ = {isa = PBXBuildFile; fileRef = E0B0F35E1DD1005400E96215 /* stb_image.cpp */; };
		E0B0F3981DD1005400E96215 /* tga.cpp in Sources */ = {isa = PBXBuildFile; fileRef = E0B0F35F1DD1005400E96215 /* tga.cpp */; };
		E0B0F3991DD1005400E96215 /* tga.cpp in Sources */ = {isa = PBXBuildFile; fileRef = E0B0F35F1DD1005400E96215 /* tga.cpp */; };
		E0B0F39A1DD1005400E96215 /* frustum.cpp in Sources */ = {isa = PBXBuildFile; fileRef = E0B0F3611DD1005400E96215 /* frustum.cpp */; };
		E0B0F39B1DD1005400E96215 /* frustum.cpp in Sources */ = {isa = PBXBuildFile; fileRef = E0B0F3611DD1005400E96215 /* frustum.cpp */; };
		E0B0F39C1DD1005400E96215 /* intersection.cpp in Sources */ = {isa = PBXBuildFile; fileRef = E0B0F3621DD1005400E96215 /* intersection.cpp */; };
		E0B0F39D1DD1005400E96215 /* intersection.cpp in Sources */ = {isa = PBXBuildFile; fileRef = E0B0F3621DD1005400E96215 /* intersection.cpp */; };
		E0B0F39E1DD1005400E96215 /* obb.cpp in Sources */ = {isa = PBXBuildFile; fileRef = E0B0F3631DD1005400E96215 /* obb.cpp */; };
		E0B0F39F1DD1005400E96215 /* obb.cpp in Sources */ = {isa = PBXBuildFile; fileRef = E0B0F3631DD1005400E96215 /* obb.cpp */; };
		E0B0F3A01DD1005400E96215 /* effect.cpp in Sources */ = {isa = PBXBuildFile; fileRef = E0B0F3651DD1005400E96215 /* effect.cpp */; };
		E0B0F3A11DD1005400E96215 /* effect.cpp in Sources */ = {isa = PBXBuildFile; fileRef = E0B0F3651DD1005400E96215 /* effect.cpp */; };
		E0B0F3A21DD1005400E96215 /* g_buffer.cpp in Sources */ = {isa = PBXBuildFile; fileRef = E0B0F3661DD1005400E96215 /* g_buffer.cpp */; };
		E0B0F3A31DD1005400E96215 /* g_buffer.cpp in Sources */ = {isa = PBXBuildFile; fileRef = E0B0F3661DD1005400E96215 /* g_buffer.cpp */; };
		E0B0F3A41DD1005400E96215 /* render.cpp in Sources */ = {isa = PBXBuildFile; fileRef = E0B0F3671DD1005400E96215 /* render.cpp */; };
		E0B0F3A51DD1005400E96215 /* render.cpp in Sources */ = {isa = PBXBuildFile; fileRef = E0B0F3671DD1005400E96215 /* render.cpp */; };
		E0B0F3A61DD1005400E96215 /* render_scene.cpp in Sources */ = {isa = PBXBuildFile; fileRef = E0B0F3681DD1005400E96215 /* render_scene.cpp */; };
		E0B0F3A71DD1005400E96215 /* render_scene.cpp in Sources */ = {isa = PBXBuildFile; fileRef = E0B0F3681DD1005400E96215 /* render_scene.cpp */; };
		E0B0F3A81DD1005400E96215 /* rendering_pass_deferred.cpp in Sources */ = {isa = PBXBuildFile; fileRef = E0B0F3691DD1005400E96215 /* rendering_pass_deferred.cpp */; };
		E0B0F3A91DD1005400E96215 /* rendering_pass_deferred.cpp in Sources */ = {isa = PBXBuildFile; fileRef = E0B0F3691DD1005400E96215 /* rendering_pass_deferred.cpp */; };
		E0B0F3AA1DD1005400E96215 /* rendering_pass_forward.cpp in Sources */ = {isa = PBXBuildFile; fileRef = E0B0F36A1DD1005400E96215 /* rendering_pass_forward.cpp */; };
		E0B0F3AB1DD1005400E96215 /* rendering_pass_forward.cpp in Sources */ = {isa = PBXBuildFile; fileRef = E0B0F36A1DD1005400E96215 /* rendering_pass_forward.cpp */; };
		E0B0F3AC1DD1005400E96215 /* rendering_pass_shadow.cpp in Sources */ = {isa = PBXBuildFile; fileRef = E0B0F36B1DD1005400E96215 /* rendering_pass_shadow.cpp */; };
		E0B0F3AD1DD1005400E96215 /* rendering_pass_shadow.cpp in Sources */ = {isa = PBXBuildFile; fileRef = E0B0F36B1DD1005400E96215 /* rendering_pass_shadow.cpp */; };
		E0B0F3AE1DD1005400E96215 /* rendering_system.cpp in Sources */ = {isa = PBXBuildFile; fileRef = E0B0F36C1DD1005400E96215 /* rendering_system.cpp */; };
		E0B0F3AF1DD1005400E96215 /* rendering_system.cpp in Sources */ = {isa = PBXBuildFile; fileRef = E0B0F36C1DD1005400E96215 /* rendering_system.cpp */; };
		E0B0F3B01DD1005400E96215 /* shader.cpp in Sources */ = {isa = PBXBuildFile; fileRef = E0B0F36D1DD1005400E96215 /* shader.cpp */; };
		E0B0F3B11DD1005400E96215 /* shader.cpp in Sources */ = {isa = PBXBuildFile; fileRef = E0B0F36D1DD1005400E96215 /* shader.cpp */; };
		E0B0F3B21DD1005400E96215 /* shadow_buffer.cpp in Sources */ = {isa = PBXBuildFile; fileRef = E0B0F36E1DD1005400E96215 /* shadow_buffer.cpp */; };
		E0B0F3B31DD1005400E96215 /* shadow_buffer.cpp in Sources */ = {isa = PBXBuildFile; fileRef = E0B0F36E1DD1005400E96215 /* shadow_buffer.cpp */; };
		E0B0F3B41DD1005400E96215 /* ssao_technique.cpp in Sources */ = {isa = PBXBuildFile; fileRef = E0B0F36F1DD1005400E96215 /* ssao_technique.cpp */; };
		E0B0F3B51DD1005400E96215 /* ssao_technique.cpp in Sources */ = {isa = PBXBuildFile; fileRef = E0B0F36F1DD1005400E96215 /* ssao_technique.cpp */; };
		E0B0F3B61DD1005400E96215 /* material.cpp in Sources */ = {isa = PBXBuildFile; fileRef = E0B0F3711DD1005400E96215 /* material.cpp */; };
		E0B0F3B71DD1005400E96215 /* material.cpp in Sources */ = {isa = PBXBuildFile; fileRef = E0B0F3711DD1005400E96215 /* material.cpp */; };
		E0B0F3B81DD1005400E96215 /* static_model.cpp in Sources */ = {isa = PBXBuildFile; fileRef = E0B0F3721DD1005400E96215 /* static_model.cpp */; };
		E0B0F3B91DD1005400E96215 /* static_model.cpp in Sources */ = {isa = PBXBuildFile; fileRef = E0B0F3721DD1005400E96215 /* static_model.cpp */; };
		E0B0F3BA1DD1005400E96215 /* texture.cpp in Sources */ = {isa = PBXBuildFile; fileRef = E0B0F3731DD1005400E96215 /* texture.cpp */; };
		E0B0F3BB1DD1005400E96215 /* texture.cpp in Sources */ = {isa = PBXBuildFile; fileRef = E0B0F3731DD1005400E96215 /* texture.cpp */; };
		E0B0F3BC1DD1005400E96215 /* basic_meshs.cpp in Sources */ = {isa = PBXBuildFile; fileRef = E0B0F3751DD1005400E96215 /* basic_meshs.cpp */; };
		E0B0F3BD1DD1005400E96215 /* basic_meshs.cpp in Sources */ = {isa = PBXBuildFile; fileRef = E0B0F3751DD1005400E96215 /* basic_meshs.cpp */; };
		E0B8C9DA1D9D448500754DEA /* IOKit.framework in Frameworks */ = {isa = PBXBuildFile; fileRef = E01A2EF61D22C58A00A8BA77 /* IOKit.framework */; };
		E0B8C9DB1D9D448700754DEA /* CoreVideo.framework in Frameworks */ = {isa = PBXBuildFile; fileRef = E01A2EF41D22C57500A8BA77 /* CoreVideo.framework */; };
		E0B8C9DC1D9D448A00754DEA /* OpenGL.framework in Frameworks */ = {isa = PBXBuildFile; fileRef = E01A2EE91D22C50E00A8BA77 /* OpenGL.framework */; };
		E0B8C9DD1D9D448D00754DEA /* Cocoa.framework in Frameworks */ = {isa = PBXBuildFile; fileRef = E01A2EEB1D22C51200A8BA77 /* Cocoa.framework */; };
		E0B8CA7E1D9D508D00754DEA /* IOKit.framework in Frameworks */ = {isa = PBXBuildFile; fileRef = E01A2EF61D22C58A00A8BA77 /* IOKit.framework */; };
		E0B8CA7F1D9D508D00754DEA /* CoreVideo.framework in Frameworks */ = {isa = PBXBuildFile; fileRef = E01A2EF41D22C57500A8BA77 /* CoreVideo.framework */; };
		E0B8CA801D9D508D00754DEA /* Cocoa.framework in Frameworks */ = {isa = PBXBuildFile; fileRef = E01A2EEB1D22C51200A8BA77 /* Cocoa.framework */; };
		E0B8CA811D9D508D00754DEA /* OpenGL.framework in Frameworks */ = {isa = PBXBuildFile; fileRef = E01A2EE91D22C50E00A8BA77 /* OpenGL.framework */; };
/* End PBXBuildFile section */

/* Begin PBXFileReference section */
		E01A2EE91D22C50E00A8BA77 /* OpenGL.framework */ = {isa = PBXFileReference; lastKnownFileType = wrapper.framework; name = OpenGL.framework; path = System/Library/Frameworks/OpenGL.framework; sourceTree = SDKROOT; };
		E01A2EEB1D22C51200A8BA77 /* Cocoa.framework */ = {isa = PBXFileReference; lastKnownFileType = wrapper.framework; name = Cocoa.framework; path = System/Library/Frameworks/Cocoa.framework; sourceTree = SDKROOT; };
		E01A2EF41D22C57500A8BA77 /* CoreVideo.framework */ = {isa = PBXFileReference; lastKnownFileType = wrapper.framework; name = CoreVideo.framework; path = System/Library/Frameworks/CoreVideo.framework; sourceTree = SDKROOT; };
		E01A2EF61D22C58A00A8BA77 /* IOKit.framework */ = {isa = PBXFileReference; lastKnownFileType = wrapper.framework; name = IOKit.framework; path = System/Library/Frameworks/IOKit.framework; sourceTree = SDKROOT; };
		E05F87B91DD08F4700985EFB /* basic_meshs.h */ = {isa = PBXFileReference; fileEncoding = 4; lastKnownFileType = sourcecode.c.h; path = basic_meshs.h; sourceTree = "<group>"; };
		E05F87BA1DD08F4700985EFB /* gameobject.h */ = {isa = PBXFileReference; fileEncoding = 4; lastKnownFileType = sourcecode.c.h; path = gameobject.h; sourceTree = "<group>"; };
		E05F87C11DD098F600985EFB /* component_register.h */ = {isa = PBXFileReference; fileEncoding = 4; lastKnownFileType = sourcecode.c.h; path = component_register.h; sourceTree = "<group>"; };
		E0B0F34C1DD1005400E96215 /* camera.cpp */ = {isa = PBXFileReference; fileEncoding = 4; lastKnownFileType = sourcecode.cpp.cpp; path = camera.cpp; sourceTree = "<group>"; };
		E0B0F34D1DD1005400E96215 /* light.cpp */ = {isa = PBXFileReference; fileEncoding = 4; lastKnownFileType = sourcecode.cpp.cpp; path = light.cpp; sourceTree = "<group>"; };
		E0B0F34E1DD1005400E96215 /* mesh.cpp */ = {isa = PBXFileReference; fileEncoding = 4; lastKnownFileType = sourcecode.cpp.cpp; path = mesh.cpp; sourceTree = "<group>"; };
		E0B0F34F1DD1005400E96215 /* text_mesh.cpp */ = {isa = PBXFileReference; fileEncoding = 4; lastKnownFileType = sourcecode.cpp.cpp; path = text_mesh.cpp; sourceTree = "<group>"; };
		E0B0F3501DD1005400E96215 /* transform.cpp */ = {isa = PBXFileReference; fileEncoding = 4; lastKnownFileType = sourcecode.cpp.cpp; path = transform.cpp; sourceTree = "<group>"; };
		E0B0F3521DD1005400E96215 /* application.cpp */ = {isa = PBXFileReference; fileEncoding = 4; lastKnownFileType = sourcecode.cpp.cpp; path = application.cpp; sourceTree = "<group>"; };
		E0B0F3531DD1005400E96215 /* cocoa_native_dialog.mm */ = {isa = PBXFileReference; fileEncoding = 4; lastKnownFileType = sourcecode.cpp.objcpp; path = cocoa_native_dialog.mm; sourceTree = "<group>"; };
		E0B0F3541DD1005400E96215 /* component_register.cpp */ = {isa = PBXFileReference; fileEncoding = 4; lastKnownFileType = sourcecode.cpp.cpp; path = component_register.cpp; sourceTree = "<group>"; };
		E0B0F3551DD1005400E96215 /* entity.cpp */ = {isa = PBXFileReference; fileEncoding = 4; lastKnownFileType = sourcecode.cpp.cpp; path = entity.cpp; sourceTree = "<group>"; };
		E0B0F3561DD1005400E96215 /* filesystem.cpp */ = {isa = PBXFileReference; fileEncoding = 4; lastKnownFileType = sourcecode.cpp.cpp; path = filesystem.cpp; sourceTree = "<group>"; };
		E0B0F3571DD1005400E96215 /* native_dialog.cpp */ = {isa = PBXFileReference; fileEncoding = 4; lastKnownFileType = sourcecode.cpp.cpp; path = native_dialog.cpp; sourceTree = "<group>"; };
		E0B0F3581DD1005400E96215 /* query_performance.cpp */ = {isa = PBXFileReference; fileEncoding = 4; lastKnownFileType = sourcecode.cpp.cpp; path = query_performance.cpp; sourceTree = "<group>"; };
		E0B0F3591DD1005400E96215 /* resources_manager.cpp */ = {isa = PBXFileReference; fileEncoding = 4; lastKnownFileType = sourcecode.cpp.cpp; path = resources_manager.cpp; sourceTree = "<group>"; };
		E0B0F35A1DD1005400E96215 /* system_manager.cpp */ = {isa = PBXFileReference; fileEncoding = 4; lastKnownFileType = sourcecode.cpp.cpp; path = system_manager.cpp; sourceTree = "<group>"; };
		E0B0F35B1DD1005400E96215 /* window_native_dialog.cpp */ = {isa = PBXFileReference; fileEncoding = 4; lastKnownFileType = sourcecode.cpp.cpp; path = window_native_dialog.cpp; sourceTree = "<group>"; };
		E0B0F35D1DD1005400E96215 /* json11.cpp */ = {isa = PBXFileReference; fileEncoding = 4; lastKnownFileType = sourcecode.cpp.cpp; path = json11.cpp; sourceTree = "<group>"; };
		E0B0F35E1DD1005400E96215 /* stb_image.cpp */ = {isa = PBXFileReference; fileEncoding = 4; lastKnownFileType = sourcecode.cpp.cpp; path = stb_image.cpp; sourceTree = "<group>"; };
		E0B0F35F1DD1005400E96215 /* tga.cpp */ = {isa = PBXFileReference; fileEncoding = 4; lastKnownFileType = sourcecode.cpp.cpp; path = tga.cpp; sourceTree = "<group>"; };
		E0B0F3611DD1005400E96215 /* frustum.cpp */ = {isa = PBXFileReference; fileEncoding = 4; lastKnownFileType = sourcecode.cpp.cpp; path = frustum.cpp; sourceTree = "<group>"; };
		E0B0F3621DD1005400E96215 /* intersection.cpp */ = {isa = PBXFileReference; fileEncoding = 4; lastKnownFileType = sourcecode.cpp.cpp; path = intersection.cpp; sourceTree = "<group>"; };
		E0B0F3631DD1005400E96215 /* obb.cpp */ = {isa = PBXFileReference; fileEncoding = 4; lastKnownFileType = sourcecode.cpp.cpp; path = obb.cpp; sourceTree = "<group>"; };
		E0B0F3651DD1005400E96215 /* effect.cpp */ = {isa = PBXFileReference; fileEncoding = 4; lastKnownFileType = sourcecode.cpp.cpp; path = effect.cpp; sourceTree = "<group>"; };
		E0B0F3661DD1005400E96215 /* g_buffer.cpp */ = {isa = PBXFileReference; fileEncoding = 4; lastKnownFileType = sourcecode.cpp.cpp; path = g_buffer.cpp; sourceTree = "<group>"; };
		E0B0F3671DD1005400E96215 /* render.cpp */ = {isa = PBXFileReference; fileEncoding = 4; lastKnownFileType = sourcecode.cpp.cpp; path = render.cpp; sourceTree = "<group>"; };
		E0B0F3681DD1005400E96215 /* render_scene.cpp */ = {isa = PBXFileReference; fileEncoding = 4; lastKnownFileType = sourcecode.cpp.cpp; path = render_scene.cpp; sourceTree = "<group>"; };
		E0B0F3691DD1005400E96215 /* rendering_pass_deferred.cpp */ = {isa = PBXFileReference; fileEncoding = 4; lastKnownFileType = sourcecode.cpp.cpp; path = rendering_pass_deferred.cpp; sourceTree = "<group>"; };
		E0B0F36A1DD1005400E96215 /* rendering_pass_forward.cpp */ = {isa = PBXFileReference; fileEncoding = 4; lastKnownFileType = sourcecode.cpp.cpp; path = rendering_pass_forward.cpp; sourceTree = "<group>"; };
		E0B0F36B1DD1005400E96215 /* rendering_pass_shadow.cpp */ = {isa = PBXFileReference; fileEncoding = 4; lastKnownFileType = sourcecode.cpp.cpp; path = rendering_pass_shadow.cpp; sourceTree = "<group>"; };
		E0B0F36C1DD1005400E96215 /* rendering_system.cpp */ = {isa = PBXFileReference; fileEncoding = 4; lastKnownFileType = sourcecode.cpp.cpp; path = rendering_system.cpp; sourceTree = "<group>"; };
		E0B0F36D1DD1005400E96215 /* shader.cpp */ = {isa = PBXFileReference; fileEncoding = 4; lastKnownFileType = sourcecode.cpp.cpp; path = shader.cpp; sourceTree = "<group>"; };
		E0B0F36E1DD1005400E96215 /* shadow_buffer.cpp */ = {isa = PBXFileReference; fileEncoding = 4; lastKnownFileType = sourcecode.cpp.cpp; path = shadow_buffer.cpp; sourceTree = "<group>"; };
		E0B0F36F1DD1005400E96215 /* ssao_technique.cpp */ = {isa = PBXFileReference; fileEncoding = 4; lastKnownFileType = sourcecode.cpp.cpp; path = ssao_technique.cpp; sourceTree = "<group>"; };
		E0B0F3711DD1005400E96215 /* material.cpp */ = {isa = PBXFileReference; fileEncoding = 4; lastKnownFileType = sourcecode.cpp.cpp; path = material.cpp; sourceTree = "<group>"; };
		E0B0F3721DD1005400E96215 /* static_model.cpp */ = {isa = PBXFileReference; fileEncoding = 4; lastKnownFileType = sourcecode.cpp.cpp; path = static_model.cpp; sourceTree = "<group>"; };
		E0B0F3731DD1005400E96215 /* texture.cpp */ = {isa = PBXFileReference; fileEncoding = 4; lastKnownFileType = sourcecode.cpp.cpp; path = texture.cpp; sourceTree = "<group>"; };
		E0B0F3751DD1005400E96215 /* basic_meshs.cpp */ = {isa = PBXFileReference; fileEncoding = 4; lastKnownFileType = sourcecode.cpp.cpp; path = basic_meshs.cpp; sourceTree = "<group>"; };
		E0B8C9251D9D40E500754DEA /* camera.h */ = {isa = PBXFileReference; fileEncoding = 4; lastKnownFileType = sourcecode.c.h; path = camera.h; sourceTree = "<group>"; };
		E0B8C9271D9D40E500754DEA /* light.h */ = {isa = PBXFileReference; fileEncoding = 4; lastKnownFileType = sourcecode.c.h; path = light.h; sourceTree = "<group>"; };
		E0B8C9281D9D40E500754DEA /* mesh.h */ = {isa = PBXFileReference; fileEncoding = 4; lastKnownFileType = sourcecode.c.h; path = mesh.h; sourceTree = "<group>"; };
		E0B8C9291D9D40E500754DEA /* renderable.h */ = {isa = PBXFileReference; fileEncoding = 4; lastKnownFileType = sourcecode.c.h; path = renderable.h; sourceTree = "<group>"; };
		E0B8C92A1D9D40E500754DEA /* text_mesh.h */ = {isa = PBXFileReference; fileEncoding = 4; lastKnownFileType = sourcecode.c.h; path = text_mesh.h; sourceTree = "<group>"; };
		E0B8C92B1D9D40E500754DEA /* transform.h */ = {isa = PBXFileReference; fileEncoding = 4; lastKnownFileType = sourcecode.c.h; path = transform.h; sourceTree = "<group>"; };
		E0B8C92C1D9D40E500754DEA /* config.h */ = {isa = PBXFileReference; fileEncoding = 4; lastKnownFileType = sourcecode.c.h; name = config.h; path = hcube/config.h; sourceTree = "<group>"; };
		E0B8C92E1D9D40E500754DEA /* application.h */ = {isa = PBXFileReference; fileEncoding = 4; lastKnownFileType = sourcecode.c.h; path = application.h; sourceTree = "<group>"; };
		E0B8C92F1D9D40E500754DEA /* component.h */ = {isa = PBXFileReference; fileEncoding = 4; lastKnownFileType = sourcecode.c.h; path = component.h; sourceTree = "<group>"; };
		E0B8C9301D9D40E500754DEA /* entity.h */ = {isa = PBXFileReference; fileEncoding = 4; lastKnownFileType = sourcecode.c.h; path = entity.h; sourceTree = "<group>"; };
		E0B8C9311D9D40E500754DEA /* filesystem.h */ = {isa = PBXFileReference; fileEncoding = 4; lastKnownFileType = sourcecode.c.h; path = filesystem.h; sourceTree = "<group>"; };
		E0B8C9321D9D40E500754DEA /* native_dialog.h */ = {isa = PBXFileReference; fileEncoding = 4; lastKnownFileType = sourcecode.c.h; path = native_dialog.h; sourceTree = "<group>"; };
		E0B8C9331D9D40E500754DEA /* query_performance.h */ = {isa = PBXFileReference; fileEncoding = 4; lastKnownFileType = sourcecode.c.h; path = query_performance.h; sourceTree = "<group>"; };
		E0B8C9341D9D40E500754DEA /* resource.h */ = {isa = PBXFileReference; fileEncoding = 4; lastKnownFileType = sourcecode.c.h; path = resource.h; sourceTree = "<group>"; };
		E0B8C9351D9D40E500754DEA /* resources_manager.h */ = {isa = PBXFileReference; fileEncoding = 4; lastKnownFileType = sourcecode.c.h; path = resources_manager.h; sourceTree = "<group>"; };
		E0B8C9361D9D40E500754DEA /* smart_pointers.h */ = {isa = PBXFileReference; fileEncoding = 4; lastKnownFileType = sourcecode.c.h; path = smart_pointers.h; sourceTree = "<group>"; };
		E0B8C9371D9D40E500754DEA /* system_manager.h */ = {isa = PBXFileReference; fileEncoding = 4; lastKnownFileType = sourcecode.c.h; path = system_manager.h; sourceTree = "<group>"; };
		E0B8C9391D9D40E500754DEA /* align16_data.h */ = {isa = PBXFileReference; fileEncoding = 4; lastKnownFileType = sourcecode.c.h; path = align16_data.h; sourceTree = "<group>"; };
		E0B8C93A1D9D40E500754DEA /* json11.h */ = {isa = PBXFileReference; fileEncoding = 4; lastKnownFileType = sourcecode.c.h; path = json11.h; sourceTree = "<group>"; };
		E0B8C93B1D9D40E500754DEA /* struct_attribute.h */ = {isa = PBXFileReference; fileEncoding = 4; lastKnownFileType = sourcecode.c.h; path = struct_attribute.h; sourceTree = "<group>"; };
		E0B8C93C1D9D40E500754DEA /* variant.h */ = {isa = PBXFileReference; fileEncoding = 4; lastKnownFileType = sourcecode.c.h; path = variant.h; sourceTree = "<group>"; };
		E0B8C93E1D9D40E500754DEA /* frustum.h */ = {isa = PBXFileReference; fileEncoding = 4; lastKnownFileType = sourcecode.c.h; path = frustum.h; sourceTree = "<group>"; };
		E0B8C93F1D9D40E500754DEA /* intersection.h */ = {isa = PBXFileReference; fileEncoding = 4; lastKnownFileType = sourcecode.c.h; path = intersection.h; sourceTree = "<group>"; };
		E0B8C9401D9D40E500754DEA /* obb.h */ = {isa = PBXFileReference; fileEncoding = 4; lastKnownFileType = sourcecode.c.h; path = obb.h; sourceTree = "<group>"; };
		E0B8C9411D9D40E500754DEA /* sphere.h */ = {isa = PBXFileReference; fileEncoding = 4; lastKnownFileType = sourcecode.c.h; path = sphere.h; sourceTree = "<group>"; };
		E0B8C9431D9D40E500754DEA /* effect.h */ = {isa = PBXFileReference; fileEncoding = 4; lastKnownFileType = sourcecode.c.h; path = effect.h; sourceTree = "<group>"; };
		E0B8C9441D9D40E500754DEA /* g_buffer.h */ = {isa = PBXFileReference; fileEncoding = 4; lastKnownFileType = sourcecode.c.h; path = g_buffer.h; sourceTree = "<group>"; };
		E0B8C9451D9D40E500754DEA /* OpenGL4.h */ = {isa = PBXFileReference; fileEncoding = 4; lastKnownFileType = sourcecode.c.h; path = OpenGL4.h; sourceTree = "<group>"; };
		E0B8C9461D9D40E500754DEA /* render.h */ = {isa = PBXFileReference; fileEncoding = 4; lastKnownFileType = sourcecode.c.h; path = render.h; sourceTree = "<group>"; };
		E0B8C9471D9D40E500754DEA /* render_scene.h */ = {isa = PBXFileReference; fileEncoding = 4; lastKnownFileType = sourcecode.c.h; path = render_scene.h; sourceTree = "<group>"; };
		E0B8C9481D9D40E500754DEA /* rendering_pass_deferred.h */ = {isa = PBXFileReference; fileEncoding = 4; lastKnownFileType = sourcecode.c.h; path = rendering_pass_deferred.h; sourceTree = "<group>"; };
		E0B8C9491D9D40E500754DEA /* rendering_pass_forward.h */ = {isa = PBXFileReference; fileEncoding = 4; lastKnownFileType = sourcecode.c.h; path = rendering_pass_forward.h; sourceTree = "<group>"; };
		E0B8C94A1D9D40E500754DEA /* rendering_pass_shadow.h */ = {isa = PBXFileReference; fileEncoding = 4; lastKnownFileType = sourcecode.c.h; path = rendering_pass_shadow.h; sourceTree = "<group>"; };
		E0B8C94B1D9D40E500754DEA /* rendering_system.h */ = {isa = PBXFileReference; fileEncoding = 4; lastKnownFileType = sourcecode.c.h; path = rendering_system.h; sourceTree = "<group>"; };
		E0B8C94C1D9D40E500754DEA /* shader.h */ = {isa = PBXFileReference; fileEncoding = 4; lastKnownFileType = sourcecode.c.h; path = shader.h; sourceTree = "<group>"; };
		E0B8C94D1D9D40E500754DEA /* shadow_buffer.h */ = {isa = PBXFileReference; fileEncoding = 4; lastKnownFileType = sourcecode.c.h; path = shadow_buffer.h; sourceTree = "<group>"; };
		E0B8C94E1D9D40E500754DEA /* ssao_technique.h */ = {isa = PBXFileReference; fileEncoding = 4; lastKnownFileType = sourcecode.c.h; path = ssao_technique.h; sourceTree = "<group>"; };
		E0B8C9501D9D40E500754DEA /* material.h */ = {isa = PBXFileReference; fileEncoding = 4; lastKnownFileType = sourcecode.c.h; path = material.h; sourceTree = "<group>"; };
		E0B8C9511D9D40E500754DEA /* prefab.h */ = {isa = PBXFileReference; fileEncoding = 4; lastKnownFileType = sourcecode.c.h; path = prefab.h; sourceTree = "<group>"; };
		E0B8C9521D9D40E500754DEA /* static_model.h */ = {isa = PBXFileReference; fileEncoding = 4; lastKnownFileType = sourcecode.c.h; path = static_model.h; sourceTree = "<group>"; };
		E0B8C9531D9D40E500754DEA /* texture.h */ = {isa = PBXFileReference; fileEncoding = 4; lastKnownFileType = sourcecode.c.h; path = texture.h; sourceTree = "<group>"; };
		E0B8C9551D9D40E500754DEA /* arc_ball.h */ = {isa = PBXFileReference; fileEncoding = 4; lastKnownFileType = sourcecode.c.h; path = arc_ball.h; sourceTree = "<group>"; };
		E0B8C9561D9D40E500754DEA /* picking.h */ = {isa = PBXFileReference; fileEncoding = 4; lastKnownFileType = sourcecode.c.h; path = picking.h; sourceTree = "<group>"; };
		E0B8C9571D9D40E500754DEA /* picking_rotation.h */ = {isa = PBXFileReference; fileEncoding = 4; lastKnownFileType = sourcecode.c.h; path = picking_rotation.h; sourceTree = "<group>"; };
		E0B8C9581D9D40E500754DEA /* tangent_space_calculation.h */ = {isa = PBXFileReference; fileEncoding = 4; lastKnownFileType = sourcecode.c.h; path = tangent_space_calculation.h; sourceTree = "<group>"; };
		E0B8C9591D9D40E500754DEA /* vector_math.h */ = {isa = PBXFileReference; fileEncoding = 4; lastKnownFileType = sourcecode.c.h; path = vector_math.h; sourceTree = "<group>"; };
		E0B8C9AC1D9D435400754DEA /* libHCube.dylib */ = {isa = PBXFileReference; explicitFileType = "compiled.mach-o.dylib"; includeInIndex = 0; path = libHCube.dylib; sourceTree = BUILT_PRODUCTS_DIR; };
		E0B8C9E21D9D44C600754DEA /* libHCubeStatic.a */ = {isa = PBXFileReference; explicitFileType = archive.ar; includeInIndex = 0; path = libHCubeStatic.a; sourceTree = BUILT_PRODUCTS_DIR; };
		E0ED49471D5616A100EFE862 /* common */ = {isa = PBXFileReference; lastKnownFileType = folder; path = common; sourceTree = "<group>"; };
/* End PBXFileReference section */

/* Begin PBXFrameworksBuildPhase section */
		E0B8C9A91D9D435400754DEA /* Frameworks */ = {
			isa = PBXFrameworksBuildPhase;
			buildActionMask = 2147483647;
			files = (
				E0B8C9DD1D9D448D00754DEA /* Cocoa.framework in Frameworks */,
				E0B8C9DA1D9D448500754DEA /* IOKit.framework in Frameworks */,
				E0B8C9DB1D9D448700754DEA /* CoreVideo.framework in Frameworks */,
				E0B8C9DC1D9D448A00754DEA /* OpenGL.framework in Frameworks */,
			);
			runOnlyForDeploymentPostprocessing = 0;
		};
		E0B8C9DF1D9D44C600754DEA /* Frameworks */ = {
			isa = PBXFrameworksBuildPhase;
			buildActionMask = 2147483647;
			files = (
				E0B8CA7E1D9D508D00754DEA /* IOKit.framework in Frameworks */,
				E0B8CA811D9D508D00754DEA /* OpenGL.framework in Frameworks */,
				E0B8CA7F1D9D508D00754DEA /* CoreVideo.framework in Frameworks */,
				E0B8CA801D9D508D00754DEA /* Cocoa.framework in Frameworks */,
			);
			runOnlyForDeploymentPostprocessing = 0;
		};
/* End PBXFrameworksBuildPhase section */

/* Begin PBXGroup section */
		E01A2ED11D22C24D00A8BA77 = {
			isa = PBXGroup;
			children = (
				E0ED49471D5616A100EFE862 /* common */,
				E01A2EE41D22C2A900A8BA77 /* include */,
				E0B0F34A1DD1005400E96215 /* source */,
				E01A2EED1D22C51900A8BA77 /* framework */,
				E01A2EDB1D22C24D00A8BA77 /* Products */,
			);
			sourceTree = "<group>";
		};
		E01A2EDB1D22C24D00A8BA77 /* Products */ = {
			isa = PBXGroup;
			children = (
				E0B8C9AC1D9D435400754DEA /* libHCube.dylib */,
				E0B8C9E21D9D44C600754DEA /* libHCubeStatic.a */,
			);
			name = Products;
			sourceTree = "<group>";
		};
		E01A2EE41D22C2A900A8BA77 /* include */ = {
			isa = PBXGroup;
			children = (
				E05F87B81DD08F4700985EFB /* utilities */,
				E0B8C9231D9D40E500754DEA /* components */,
				E0B8C92C1D9D40E500754DEA /* config.h */,
				E0B8C92D1D9D40E500754DEA /* core */,
				E0B8C9381D9D40E500754DEA /* data */,
				E0B8C93D1D9D40E500754DEA /* geometries */,
				E0B8C9421D9D40E500754DEA /* render */,
				E0B8C94F1D9D40E500754DEA /* resources */,
				E0B8C9541D9D40E500754DEA /* math */,
			);
			path = include;
			sourceTree = "<group>";
		};
		E01A2EED1D22C51900A8BA77 /* framework */ = {
			isa = PBXGroup;
			children = (
				E01A2EF61D22C58A00A8BA77 /* IOKit.framework */,
				E01A2EF41D22C57500A8BA77 /* CoreVideo.framework */,
				E01A2EEB1D22C51200A8BA77 /* Cocoa.framework */,
				E01A2EE91D22C50E00A8BA77 /* OpenGL.framework */,
			);
			name = framework;
			sourceTree = "<group>";
		};
		E05F87B81DD08F4700985EFB /* utilities */ = {
			isa = PBXGroup;
			children = (
				E05F87B91DD08F4700985EFB /* basic_meshs.h */,
				E05F87BA1DD08F4700985EFB /* gameobject.h */,
			);
			name = utilities;
			path = hcube/utilities;
			sourceTree = "<group>";
		};
		E0B0F34A1DD1005400E96215 /* source */ = {
			isa = PBXGroup;
			children = (
				E0B0F34B1DD1005400E96215 /* components */,
				E0B0F3511DD1005400E96215 /* core */,
				E0B0F35C1DD1005400E96215 /* data */,
				E0B0F3601DD1005400E96215 /* geometries */,
				E0B0F3641DD1005400E96215 /* render */,
				E0B0F3701DD1005400E96215 /* resources */,
				E0B0F3741DD1005400E96215 /* utilities */,
			);
			path = source;
			sourceTree = "<group>";
		};
		E0B0F34B1DD1005400E96215 /* components */ = {
			isa = PBXGroup;
			children = (
				E0B0F34C1DD1005400E96215 /* camera.cpp */,
				E0B0F34D1DD1005400E96215 /* light.cpp */,
				E0B0F34E1DD1005400E96215 /* mesh.cpp */,
				E0B0F34F1DD1005400E96215 /* text_mesh.cpp */,
				E0B0F3501DD1005400E96215 /* transform.cpp */,
			);
			path = components;
			sourceTree = "<group>";
		};
		E0B0F3511DD1005400E96215 /* core */ = {
			isa = PBXGroup;
			children = (
				E0B0F3521DD1005400E96215 /* application.cpp */,
				E0B0F3531DD1005400E96215 /* cocoa_native_dialog.mm */,
				E0B0F3541DD1005400E96215 /* component_register.cpp */,
				E0B0F3551DD1005400E96215 /* entity.cpp */,
				E0B0F3561DD1005400E96215 /* filesystem.cpp */,
				E0B0F3571DD1005400E96215 /* native_dialog.cpp */,
				E0B0F3581DD1005400E96215 /* query_performance.cpp */,
				E0B0F3591DD1005400E96215 /* resources_manager.cpp */,
				E0B0F35A1DD1005400E96215 /* system_manager.cpp */,
				E0B0F35B1DD1005400E96215 /* window_native_dialog.cpp */,
			);
			path = core;
			sourceTree = "<group>";
		};
		E0B0F35C1DD1005400E96215 /* data */ = {
			isa = PBXGroup;
			children = (
				E0B0F35D1DD1005400E96215 /* json11.cpp */,
				E0B0F35E1DD1005400E96215 /* stb_image.cpp */,
				E0B0F35F1DD1005400E96215 /* tga.cpp */,
			);
			path = data;
			sourceTree = "<group>";
		};
		E0B0F3601DD1005400E96215 /* geometries */ = {
			isa = PBXGroup;
			children = (
				E0B0F3611DD1005400E96215 /* frustum.cpp */,
				E0B0F3621DD1005400E96215 /* intersection.cpp */,
				E0B0F3631DD1005400E96215 /* obb.cpp */,
			);
			path = geometries;
			sourceTree = "<group>";
		};
		E0B0F3641DD1005400E96215 /* render */ = {
			isa = PBXGroup;
			children = (
				E0B0F3651DD1005400E96215 /* effect.cpp */,
				E0B0F3661DD1005400E96215 /* g_buffer.cpp */,
				E0B0F3671DD1005400E96215 /* render.cpp */,
				E0B0F3681DD1005400E96215 /* render_scene.cpp */,
				E0B0F3691DD1005400E96215 /* rendering_pass_deferred.cpp */,
				E0B0F36A1DD1005400E96215 /* rendering_pass_forward.cpp */,
				E0B0F36B1DD1005400E96215 /* rendering_pass_shadow.cpp */,
				E0B0F36C1DD1005400E96215 /* rendering_system.cpp */,
				E0B0F36D1DD1005400E96215 /* shader.cpp */,
				E0B0F36E1DD1005400E96215 /* shadow_buffer.cpp */,
				E0B0F36F1DD1005400E96215 /* ssao_technique.cpp */,
			);
			path = render;
			sourceTree = "<group>";
		};
		E0B0F3701DD1005400E96215 /* resources */ = {
			isa = PBXGroup;
			children = (
				E0B0F3711DD1005400E96215 /* material.cpp */,
				E0B0F3721DD1005400E96215 /* static_model.cpp */,
				E0B0F3731DD1005400E96215 /* texture.cpp */,
			);
			path = resources;
			sourceTree = "<group>";
		};
		E0B0F3741DD1005400E96215 /* utilities */ = {
			isa = PBXGroup;
			children = (
				E0B0F3751DD1005400E96215 /* basic_meshs.cpp */,
			);
			path = utilities;
			sourceTree = "<group>";
		};
		E0B8C9231D9D40E500754DEA /* components */ = {
			isa = PBXGroup;
			children = (
				E0B8C9251D9D40E500754DEA /* camera.h */,
				E0B8C9271D9D40E500754DEA /* light.h */,
				E0B8C9281D9D40E500754DEA /* mesh.h */,
				E0B8C9291D9D40E500754DEA /* renderable.h */,
				E0B8C92A1D9D40E500754DEA /* text_mesh.h */,
				E0B8C92B1D9D40E500754DEA /* transform.h */,
			);
			name = components;
			path = hcube/components;
			sourceTree = "<group>";
		};
		E0B8C92D1D9D40E500754DEA /* core */ = {
			isa = PBXGroup;
			children = (
				E05F87C11DD098F600985EFB /* component_register.h */,
				E0B8C92E1D9D40E500754DEA /* application.h */,
				E0B8C92F1D9D40E500754DEA /* component.h */,
				E0B8C9301D9D40E500754DEA /* entity.h */,
				E0B8C9311D9D40E500754DEA /* filesystem.h */,
				E0B8C9321D9D40E500754DEA /* native_dialog.h */,
				E0B8C9331D9D40E500754DEA /* query_performance.h */,
				E0B8C9341D9D40E500754DEA /* resource.h */,
				E0B8C9351D9D40E500754DEA /* resources_manager.h */,
				E0B8C9361D9D40E500754DEA /* smart_pointers.h */,
				E0B8C9371D9D40E500754DEA /* system_manager.h */,
			);
			name = core;
			path = hcube/core;
			sourceTree = "<group>";
		};
		E0B8C9381D9D40E500754DEA /* data */ = {
			isa = PBXGroup;
			children = (
				E0B8C9391D9D40E500754DEA /* align16_data.h */,
				E0B8C93A1D9D40E500754DEA /* json11.h */,
				E0B8C93B1D9D40E500754DEA /* struct_attribute.h */,
				E0B8C93C1D9D40E500754DEA /* variant.h */,
			);
			name = data;
			path = hcube/data;
			sourceTree = "<group>";
		};
		E0B8C93D1D9D40E500754DEA /* geometries */ = {
			isa = PBXGroup;
			children = (
				E0B8C93E1D9D40E500754DEA /* frustum.h */,
				E0B8C93F1D9D40E500754DEA /* intersection.h */,
				E0B8C9401D9D40E500754DEA /* obb.h */,
				E0B8C9411D9D40E500754DEA /* sphere.h */,
			);
			name = geometries;
			path = hcube/geometries;
			sourceTree = "<group>";
		};
		E0B8C9421D9D40E500754DEA /* render */ = {
			isa = PBXGroup;
			children = (
				E0B8C9431D9D40E500754DEA /* effect.h */,
				E0B8C9441D9D40E500754DEA /* g_buffer.h */,
				E0B8C9451D9D40E500754DEA /* OpenGL4.h */,
				E0B8C9461D9D40E500754DEA /* render.h */,
				E0B8C9471D9D40E500754DEA /* render_scene.h */,
				E0B8C9481D9D40E500754DEA /* rendering_pass_deferred.h */,
				E0B8C9491D9D40E500754DEA /* rendering_pass_forward.h */,
				E0B8C94A1D9D40E500754DEA /* rendering_pass_shadow.h */,
				E0B8C94B1D9D40E500754DEA /* rendering_system.h */,
				E0B8C94C1D9D40E500754DEA /* shader.h */,
				E0B8C94D1D9D40E500754DEA /* shadow_buffer.h */,
				E0B8C94E1D9D40E500754DEA /* ssao_technique.h */,
			);
			name = render;
			path = hcube/render;
			sourceTree = "<group>";
		};
		E0B8C94F1D9D40E500754DEA /* resources */ = {
			isa = PBXGroup;
			children = (
				E0B8C9501D9D40E500754DEA /* material.h */,
				E0B8C9511D9D40E500754DEA /* prefab.h */,
				E0B8C9521D9D40E500754DEA /* static_model.h */,
				E0B8C9531D9D40E500754DEA /* texture.h */,
			);
			name = resources;
			path = hcube/resources;
			sourceTree = "<group>";
		};
		E0B8C9541D9D40E500754DEA /* math */ = {
			isa = PBXGroup;
			children = (
				E0B8C9551D9D40E500754DEA /* arc_ball.h */,
				E0B8C9561D9D40E500754DEA /* picking.h */,
				E0B8C9571D9D40E500754DEA /* picking_rotation.h */,
				E0B8C9581D9D40E500754DEA /* tangent_space_calculation.h */,
				E0B8C9591D9D40E500754DEA /* vector_math.h */,
			);
			name = math;
			path = hcube/math;
			sourceTree = "<group>";
		};
/* End PBXGroup section */

/* Begin PBXHeadersBuildPhase section */
		E0B8C9AA1D9D435400754DEA /* Headers */ = {
			isa = PBXHeadersBuildPhase;
			buildActionMask = 2147483647;
			files = (
				E05F87BB1DD08F4700985EFB /* basic_meshs.h in Headers */,
				E05F87C21DD098F600985EFB /* component_register.h in Headers */,
				E05F87BC1DD08F4700985EFB /* gameobject.h in Headers */,
			);
			runOnlyForDeploymentPostprocessing = 0;
		};
		E0B8C9E01D9D44C600754DEA /* Headers */ = {
			isa = PBXHeadersBuildPhase;
			buildActionMask = 2147483647;
			files = (
			);
			runOnlyForDeploymentPostprocessing = 0;
		};
/* End PBXHeadersBuildPhase section */

/* Begin PBXNativeTarget section */
		E0B8C9AB1D9D435400754DEA /* HCube */ = {
			isa = PBXNativeTarget;
			buildConfigurationList = E0B8C9B41D9D435400754DEA /* Build configuration list for PBXNativeTarget "HCube" */;
			buildPhases = (
				E0B8C9A81D9D435400754DEA /* Sources */,
				E0B8C9A91D9D435400754DEA /* Frameworks */,
				E0B8C9AA1D9D435400754DEA /* Headers */,
			);
			buildRules = (
			);
			dependencies = (
			);
			name = HCube;
			productName = HCube;
			productReference = E0B8C9AC1D9D435400754DEA /* libHCube.dylib */;
			productType = "com.apple.product-type.library.dynamic";
		};
		E0B8C9E11D9D44C600754DEA /* HCubeStatic */ = {
			isa = PBXNativeTarget;
			buildConfigurationList = E0B8C9EA1D9D44C600754DEA /* Build configuration list for PBXNativeTarget "HCubeStatic" */;
			buildPhases = (
				E0B8C9DE1D9D44C600754DEA /* Sources */,
				E0B8C9DF1D9D44C600754DEA /* Frameworks */,
				E0B8C9E01D9D44C600754DEA /* Headers */,
			);
			buildRules = (
			);
			dependencies = (
			);
			name = HCubeStatic;
			productName = HCubeStatic;
			productReference = E0B8C9E21D9D44C600754DEA /* libHCubeStatic.a */;
			productType = "com.apple.product-type.library.static";
		};
/* End PBXNativeTarget section */

/* Begin PBXProject section */
		E01A2ED21D22C24D00A8BA77 /* Project object */ = {
			isa = PBXProject;
			attributes = {
				LastUpgradeCheck = 0730;
				ORGANIZATIONNAME = Gabriele;
				TargetAttributes = {
					E0B8C9AB1D9D435400754DEA = {
						CreatedOnToolsVersion = 7.3.1;
					};
					E0B8C9E11D9D44C600754DEA = {
						CreatedOnToolsVersion = 7.3.1;
					};
				};
			};
			buildConfigurationList = E01A2ED51D22C24D00A8BA77 /* Build configuration list for PBXProject "HCubo" */;
			compatibilityVersion = "Xcode 3.2";
			developmentRegion = English;
			hasScannedForEncodings = 0;
			knownRegions = (
				en,
				Base,
			);
			mainGroup = E01A2ED11D22C24D00A8BA77;
			productRefGroup = E01A2EDB1D22C24D00A8BA77 /* Products */;
			projectDirPath = "";
			projectRoot = "";
			targets = (
				E0B8C9AB1D9D435400754DEA /* HCube */,
				E0B8C9E11D9D44C600754DEA /* HCubeStatic */,
			);
		};
/* End PBXProject section */

/* Begin PBXSourcesBuildPhase section */
		E0B8C9A81D9D435400754DEA /* Sources */ = {
			isa = PBXSourcesBuildPhase;
			buildActionMask = 2147483647;
			files = (
				E0B0F3B01DD1005400E96215 /* shader.cpp in Sources */,
				E0B0F3821DD1005400E96215 /* cocoa_native_dialog.mm in Sources */,
				E0B0F3A61DD1005400E96215 /* render_scene.cpp in Sources */,
				E0B0F3B61DD1005400E96215 /* material.cpp in Sources */,
				E0B0F3BA1DD1005400E96215 /* texture.cpp in Sources */,
				E0B0F38C1DD1005400E96215 /* query_performance.cpp in Sources */,
				E0B0F3781DD1005400E96215 /* light.cpp in Sources */,
				E0B0F3A41DD1005400E96215 /* render.cpp in Sources */,
				E0B0F3B81DD1005400E96215 /* static_model.cpp in Sources */,
				E0B0F38A1DD1005400E96215 /* native_dialog.cpp in Sources */,
				E0B0F3761DD1005400E96215 /* camera.cpp in Sources */,
				E0B0F3801DD1005400E96215 /* application.cpp in Sources */,
				E0B0F38E1DD1005400E96215 /* resources_manager.cpp in Sources */,
				E0B0F3AA1DD1005400E96215 /* rendering_pass_forward.cpp in Sources */,
				E0B0F3961DD1005400E96215 /* stb_image.cpp in Sources */,
				E0B0F39C1DD1005400E96215 /* intersection.cpp in Sources */,
				E0B0F3941DD1005400E96215 /* json11.cpp in Sources */,
				E0B0F3881DD1005400E96215 /* filesystem.cpp in Sources */,
				E0B0F3A21DD1005400E96215 /* g_buffer.cpp in Sources */,
				E0B0F3A81DD1005400E96215 /* rendering_pass_deferred.cpp in Sources */,
				E0B0F37E1DD1005400E96215 /* transform.cpp in Sources */,
				E0B0F39A1DD1005400E96215 /* frustum.cpp in Sources */,
				E0B0F3A01DD1005400E96215 /* effect.cpp in Sources */,
				E0B0F3981DD1005400E96215 /* tga.cpp in Sources */,
				E0B0F3BC1DD1005400E96215 /* basic_meshs.cpp in Sources */,
				E0B0F37A1DD1005400E96215 /* mesh.cpp in Sources */,
				E0B0F3AE1DD1005400E96215 /* rendering_system.cpp in Sources */,
				E0B0F3901DD1005400E96215 /* system_manager.cpp in Sources */,
				E0B0F3AC1DD1005400E96215 /* rendering_pass_shadow.cpp in Sources */,
				E0B0F3841DD1005400E96215 /* component_register.cpp in Sources */,
				E0B0F39E1DD1005400E96215 /* obb.cpp in Sources */,
				E0B0F3B21DD1005400E96215 /* shadow_buffer.cpp in Sources */,
				E0B0F3861DD1005400E96215 /* entity.cpp in Sources */,
				E0B0F3B41DD1005400E96215 /* ssao_technique.cpp in Sources */,
				E0B0F37C1DD1005400E96215 /* text_mesh.cpp in Sources */,
			);
			runOnlyForDeploymentPostprocessing = 0;
		};
		E0B8C9DE1D9D44C600754DEA /* Sources */ = {
			isa = PBXSourcesBuildPhase;
			buildActionMask = 2147483647;
			files = (
				E0B0F3B11DD1005400E96215 /* shader.cpp in Sources */,
				E0B0F3831DD1005400E96215 /* cocoa_native_dialog.mm in Sources */,
				E0B0F3A71DD1005400E96215 /* render_scene.cpp in Sources */,
				E0B0F3B71DD1005400E96215 /* material.cpp in Sources */,
				E0B0F3BB1DD1005400E96215 /* texture.cpp in Sources */,
				E0B0F38D1DD1005400E96215 /* query_performance.cpp in Sources */,
				E0B0F3791DD1005400E96215 /* light.cpp in Sources */,
				E0B0F3A51DD1005400E96215 /* render.cpp in Sources */,
				E0B0F3B91DD1005400E96215 /* static_model.cpp in Sources */,
				E0B0F38B1DD1005400E96215 /* native_dialog.cpp in Sources */,
				E0B0F3771DD1005400E96215 /* camera.cpp in Sources */,
				E0B0F3811DD1005400E96215 /* application.cpp in Sources */,
				E0B0F38F1DD1005400E96215 /* resources_manager.cpp in Sources */,
				E0B0F3AB1DD1005400E96215 /* rendering_pass_forward.cpp in Sources */,
				E0B0F3971DD1005400E96215 /* stb_image.cpp in Sources */,
				E0B0F39D1DD1005400E96215 /* intersection.cpp in Sources */,
				E0B0F3951DD1005400E96215 /* json11.cpp in Sources */,
				E0B0F3891DD1005400E96215 /* filesystem.cpp in Sources */,
				E0B0F3A31DD1005400E96215 /* g_buffer.cpp in Sources */,
				E0B0F3A91DD1005400E96215 /* rendering_pass_deferred.cpp in Sources */,
				E0B0F37F1DD1005400E96215 /* transform.cpp in Sources */,
				E0B0F39B1DD1005400E96215 /* frustum.cpp in Sources */,
				E0B0F3A11DD1005400E96215 /* effect.cpp in Sources */,
				E0B0F3991DD1005400E96215 /* tga.cpp in Sources */,
				E0B0F3BD1DD1005400E96215 /* basic_meshs.cpp in Sources */,
				E0B0F37B1DD1005400E96215 /* mesh.cpp in Sources */,
				E0B0F3AF1DD1005400E96215 /* rendering_system.cpp in Sources */,
				E0B0F3911DD1005400E96215 /* system_manager.cpp in Sources */,
				E0B0F3AD1DD1005400E96215 /* rendering_pass_shadow.cpp in Sources */,
				E0B0F3851DD1005400E96215 /* component_register.cpp in Sources */,
				E0B0F39F1DD1005400E96215 /* obb.cpp in Sources */,
				E0B0F3B31DD1005400E96215 /* shadow_buffer.cpp in Sources */,
				E0B0F3871DD1005400E96215 /* entity.cpp in Sources */,
				E0B0F3B51DD1005400E96215 /* ssao_technique.cpp in Sources */,
				E0B0F37D1DD1005400E96215 /* text_mesh.cpp in Sources */,
			);
			runOnlyForDeploymentPostprocessing = 0;
		};
/* End PBXSourcesBuildPhase section */

/* Begin XCBuildConfiguration section */
		E01A2EDF1D22C24D00A8BA77 /* Debug */ = {
			isa = XCBuildConfiguration;
			buildSettings = {
				ALWAYS_SEARCH_USER_PATHS = NO;
				CLANG_ANALYZER_NONNULL = YES;
				CLANG_CXX_LANGUAGE_STANDARD = "gnu++0x";
				CLANG_CXX_LIBRARY = "libc++";
				CLANG_ENABLE_MODULES = YES;
				CLANG_WARN_BOOL_CONVERSION = YES;
				CLANG_WARN_CONSTANT_CONVERSION = YES;
				CLANG_WARN_DIRECT_OBJC_ISA_USAGE = YES_ERROR;
				CLANG_WARN_EMPTY_BODY = YES;
				CLANG_WARN_ENUM_CONVERSION = YES;
				CLANG_WARN_INT_CONVERSION = YES;
				CLANG_WARN_OBJC_ROOT_CLASS = YES_ERROR;
				CLANG_WARN_UNREACHABLE_CODE = YES;
				CLANG_WARN__DUPLICATE_METHOD_MATCH = YES;
				CODE_SIGN_IDENTITY = "-";
				COPY_PHASE_STRIP = NO;
				DEBUG_INFORMATION_FORMAT = dwarf;
				ENABLE_STRICT_OBJC_MSGSEND = YES;
				ENABLE_TESTABILITY = YES;
				GCC_C_LANGUAGE_STANDARD = gnu99;
				GCC_DYNAMIC_NO_PIC = NO;
				GCC_NO_COMMON_BLOCKS = YES;
				GCC_OPTIMIZATION_LEVEL = 0;
				GCC_PREPROCESSOR_DEFINITIONS = (
					"DEBUG=1",
					"$(inherited)",
				);
				GCC_WARN_64_TO_32_BIT_CONVERSION = YES;
				GCC_WARN_ABOUT_RETURN_TYPE = YES_ERROR;
				GCC_WARN_UNINITIALIZED_AUTOS = YES_AGGRESSIVE;
				GCC_WARN_UNUSED_FUNCTION = YES;
				GCC_WARN_UNUSED_VARIABLE = YES;
				HEADER_SEARCH_PATHS = (
					"$(SRCROOT)/dependencies/osx/include",
					"$(SRCROOT)/include",
				);
				LIBRARY_SEARCH_PATHS = "$(SRCROOT)/dependencies/osx/lib/$(CONFIGURATION)";
				MTL_ENABLE_DEBUG_INFO = YES;
				ONLY_ACTIVE_ARCH = YES;
				OTHER_CFLAGS = (
					"-DUSE_FLOAT",
					"-D_DEBUG",
				);
				OTHER_LDFLAGS = (
					"-lglfw3",
					"-lz",
					"-lbz2",
				);
				SDKROOT = macosx;
			};
			name = Debug;
		};
		E01A2EE01D22C24D00A8BA77 /* Release */ = {
			isa = XCBuildConfiguration;
			buildSettings = {
				ALWAYS_SEARCH_USER_PATHS = NO;
				CLANG_ANALYZER_NONNULL = YES;
				CLANG_CXX_LANGUAGE_STANDARD = "gnu++0x";
				CLANG_CXX_LIBRARY = "libc++";
				CLANG_ENABLE_MODULES = YES;
				CLANG_WARN_BOOL_CONVERSION = YES;
				CLANG_WARN_CONSTANT_CONVERSION = YES;
				CLANG_WARN_DIRECT_OBJC_ISA_USAGE = YES_ERROR;
				CLANG_WARN_EMPTY_BODY = YES;
				CLANG_WARN_ENUM_CONVERSION = YES;
				CLANG_WARN_INT_CONVERSION = YES;
				CLANG_WARN_OBJC_ROOT_CLASS = YES_ERROR;
				CLANG_WARN_UNREACHABLE_CODE = YES;
				CLANG_WARN__DUPLICATE_METHOD_MATCH = YES;
				CODE_SIGN_IDENTITY = "-";
				DEBUG_INFORMATION_FORMAT = "dwarf-with-dsym";
				ENABLE_NS_ASSERTIONS = NO;
				ENABLE_STRICT_OBJC_MSGSEND = YES;
				GCC_C_LANGUAGE_STANDARD = gnu99;
				GCC_NO_COMMON_BLOCKS = YES;
				GCC_WARN_64_TO_32_BIT_CONVERSION = YES;
				GCC_WARN_ABOUT_RETURN_TYPE = YES_ERROR;
				GCC_WARN_UNINITIALIZED_AUTOS = YES_AGGRESSIVE;
				GCC_WARN_UNUSED_FUNCTION = YES;
				GCC_WARN_UNUSED_VARIABLE = YES;
				HEADER_SEARCH_PATHS = (
					"$(SRCROOT)/dependencies/osx/include",
					"$(SRCROOT)/include",
				);
				LIBRARY_SEARCH_PATHS = "$(SRCROOT)/dependencies/osx/lib/$(CONFIGURATION)";
				MTL_ENABLE_DEBUG_INFO = NO;
				OTHER_CFLAGS = "-DUSE_FLOAT";
				OTHER_LDFLAGS = (
					"-lglfw3",
					"-lz",
					"-lbz2",
				);
				SDKROOT = macosx;
			};
			name = Release;
		};
		E0B8C9B51D9D435400754DEA /* Debug */ = {
			isa = XCBuildConfiguration;
			buildSettings = {
				CLANG_ENABLE_OBJC_ARC = YES;
				DYLIB_COMPATIBILITY_VERSION = 1;
				DYLIB_CURRENT_VERSION = 1;
				EXECUTABLE_PREFIX = lib;
				GCC_ENABLE_CPP_EXCEPTIONS = YES;
				GCC_ENABLE_CPP_RTTI = YES;
				GCC_SYMBOLS_PRIVATE_EXTERN = YES;
				INSTALL_PATH = "@rpath";
				PRODUCT_NAME = "$(TARGET_NAME)";
			};
			name = Debug;
		};
		E0B8C9B61D9D435400754DEA /* Release */ = {
			isa = XCBuildConfiguration;
			buildSettings = {
				CLANG_ENABLE_OBJC_ARC = YES;
				DYLIB_COMPATIBILITY_VERSION = 1;
				DYLIB_CURRENT_VERSION = 1;
				EXECUTABLE_PREFIX = lib;
				GCC_ENABLE_CPP_EXCEPTIONS = YES;
				GCC_ENABLE_CPP_RTTI = YES;
				GCC_SYMBOLS_PRIVATE_EXTERN = YES;
				INSTALL_PATH = "@rpath";
				PRODUCT_NAME = "$(TARGET_NAME)";
			};
			name = Release;
		};
		E0B8C9EB1D9D44C600754DEA /* Debug */ = {
			isa = XCBuildConfiguration;
			buildSettings = {
				CLANG_ENABLE_OBJC_ARC = YES;
				EXECUTABLE_PREFIX = lib;
				GCC_ENABLE_CPP_EXCEPTIONS = YES;
				GCC_ENABLE_CPP_RTTI = YES;
				PRODUCT_NAME = "$(TARGET_NAME)";
			};
			name = Debug;
		};
		E0B8C9EC1D9D44C600754DEA /* Release */ = {
			isa = XCBuildConfiguration;
			buildSettings = {
				CLANG_ENABLE_OBJC_ARC = YES;
				EXECUTABLE_PREFIX = lib;
				GCC_ENABLE_CPP_EXCEPTIONS = YES;
				GCC_ENABLE_CPP_RTTI = YES;
				PRODUCT_NAME = "$(TARGET_NAME)";
			};
			name = Release;
		};
/* End XCBuildConfiguration section */

/* Begin XCConfigurationList section */
		E01A2ED51D22C24D00A8BA77 /* Build configuration list for PBXProject "HCubo" */ = {
			isa = XCConfigurationList;
			buildConfigurations = (
				E01A2EDF1D22C24D00A8BA77 /* Debug */,
				E01A2EE01D22C24D00A8BA77 /* Release */,
			);
			defaultConfigurationIsVisible = 0;
			defaultConfigurationName = Release;
		};
		E0B8C9B41D9D435400754DEA /* Build configuration list for PBXNativeTarget "HCube" */ = {
			isa = XCConfigurationList;
			buildConfigurations = (
				E0B8C9B51D9D435400754DEA /* Debug */,
				E0B8C9B61D9D435400754DEA /* Release */,
			);
			defaultConfigurationIsVisible = 0;
			defaultConfigurationName = Release;
		};
		E0B8C9EA1D9D44C600754DEA /* Build configuration list for PBXNativeTarget "HCubeStatic" */ = {
			isa = XCConfigurationList;
			buildConfigurations = (
				E0B8C9EB1D9D44C600754DEA /* Debug */,
				E0B8C9EC1D9D44C600754DEA /* Release */,
			);
			defaultConfigurationIsVisible = 0;
			defaultConfigurationName = Release;
		};
/* End XCConfigurationList section */
	};
	rootObject = E01A2ED21D22C24D00A8BA77 /* Project object */;
}
